// !$*UTF8*$!
{
	archiveVersion = 1;
	classes = {
	};
	objectVersion = 56;
	objects = {

/* Begin PBXBuildFile section */
		0B3C296B2BA01BD200435B30 /* TabBarView.swift in Sources */ = {isa = PBXBuildFile; fileRef = 0B3C296A2BA01BD200435B30 /* TabBarView.swift */; };
		0B3C296D2BA01C2000435B30 /* ChallengeView.swift in Sources */ = {isa = PBXBuildFile; fileRef = 0B3C296C2BA01C2000435B30 /* ChallengeView.swift */; };
		0B3C296F2BA01C2800435B30 /* HomeView.swift in Sources */ = {isa = PBXBuildFile; fileRef = 0B3C296E2BA01C2800435B30 /* HomeView.swift */; };
		0B3C29712BA01C3000435B30 /* MyPageView.swift in Sources */ = {isa = PBXBuildFile; fileRef = 0B3C29702BA01C3000435B30 /* MyPageView.swift */; };
		0B3C29732BA01DCE00435B30 /* CustomTabView.swift in Sources */ = {isa = PBXBuildFile; fileRef = 0B3C29722BA01DCE00435B30 /* CustomTabView.swift */; };
		0B5140542BE3A2D600C78B9F /* LoginView.swift in Sources */ = {isa = PBXBuildFile; fileRef = 0B5140532BE3A2D600C78B9F /* LoginView.swift */; };
		0B7646BB2BB13F6100C56D7A /* SurveyButton.swift in Sources */ = {isa = PBXBuildFile; fileRef = 0B7646BA2BB13F6100C56D7A /* SurveyButton.swift */; };
		0B82ECB02BC9152F002D5CF3 /* MyPageViewModel.swift in Sources */ = {isa = PBXBuildFile; fileRef = 0B82ECAF2BC9152F002D5CF3 /* MyPageViewModel.swift */; };
		0B82ECB22BC916C6002D5CF3 /* MyPageButton.swift in Sources */ = {isa = PBXBuildFile; fileRef = 0B82ECB12BC916C6002D5CF3 /* MyPageButton.swift */; };
		0B8693772BE5CB46000D7CE1 /* SwipeView.swift in Sources */ = {isa = PBXBuildFile; fileRef = 0B8693762BE5CB46000D7CE1 /* SwipeView.swift */; };
		0B86937B2BE727DA000D7CE1 /* SocialLoginModel.swift in Sources */ = {isa = PBXBuildFile; fileRef = 0B86937A2BE727DA000D7CE1 /* SocialLoginModel.swift */; };
		0B86937D2BE727E5000D7CE1 /* LoginViewModel.swift in Sources */ = {isa = PBXBuildFile; fileRef = 0B86937C2BE727E5000D7CE1 /* LoginViewModel.swift */; };
		0B86937F2BE87A5F000D7CE1 /* LoginButton.swift in Sources */ = {isa = PBXBuildFile; fileRef = 0B86937E2BE87A5F000D7CE1 /* LoginButton.swift */; };
		0B86938D2BE8B99E000D7CE1 /* KakaoSDK in Frameworks */ = {isa = PBXBuildFile; productRef = 0B86938C2BE8B99E000D7CE1 /* KakaoSDK */; };
		0B86938F2BE8B99E000D7CE1 /* KakaoSDKAuth in Frameworks */ = {isa = PBXBuildFile; productRef = 0B86938E2BE8B99E000D7CE1 /* KakaoSDKAuth */; };
		0B8693912BE8B99E000D7CE1 /* KakaoSDKCommon in Frameworks */ = {isa = PBXBuildFile; productRef = 0B8693902BE8B99E000D7CE1 /* KakaoSDKCommon */; };
		0B8693932BE8B99E000D7CE1 /* KakaoSDKUser in Frameworks */ = {isa = PBXBuildFile; productRef = 0B8693922BE8B99E000D7CE1 /* KakaoSDKUser */; };
		0B9834DC2BC8234700A1457A /* SplashView.swift in Sources */ = {isa = PBXBuildFile; fileRef = 0B9834DB2BC8234700A1457A /* SplashView.swift */; };
		0B9ACF362BA14FDB00EC0BDE /* Main-F-final.json in Resources */ = {isa = PBXBuildFile; fileRef = 0B9ACF302BA14FDB00EC0BDE /* Main-F-final.json */; };
		0B9ACF372BA14FDB00EC0BDE /* Main-B-final.json in Resources */ = {isa = PBXBuildFile; fileRef = 0B9ACF312BA14FDB00EC0BDE /* Main-B-final.json */; };
		0B9ACF382BA14FDB00EC0BDE /* Main-D-final.json in Resources */ = {isa = PBXBuildFile; fileRef = 0B9ACF322BA14FDB00EC0BDE /* Main-D-final.json */; };
		0B9ACF392BA14FDB00EC0BDE /* Main-C-final.json in Resources */ = {isa = PBXBuildFile; fileRef = 0B9ACF332BA14FDB00EC0BDE /* Main-C-final.json */; };
		0B9ACF3A2BA14FDB00EC0BDE /* Main-A-final.json in Resources */ = {isa = PBXBuildFile; fileRef = 0B9ACF342BA14FDB00EC0BDE /* Main-A-final.json */; };
		0B9ACF3B2BA14FDB00EC0BDE /* Main-E-final.json in Resources */ = {isa = PBXBuildFile; fileRef = 0B9ACF352BA14FDB00EC0BDE /* Main-E-final.json */; };
		0BB2E6352BE9EC0B00E13096 /* Splash_Bg.json in Resources */ = {isa = PBXBuildFile; fileRef = 0BB2E6342BE9EC0A00E13096 /* Splash_Bg.json */; };
		0BB2E6372BE9EC1400E13096 /* Logo_wordmark_white.json in Resources */ = {isa = PBXBuildFile; fileRef = 0BB2E6362BE9EC1400E13096 /* Logo_wordmark_white.json */; };
		0BC0E5A92BB03EE400FB0330 /* OnboardingModel.swift in Sources */ = {isa = PBXBuildFile; fileRef = 0BC0E5A82BB03EE400FB0330 /* OnboardingModel.swift */; };
		0BC0E5AB2BB03F8100FB0330 /* OnboardingViewModel.swift in Sources */ = {isa = PBXBuildFile; fileRef = 0BC0E5AA2BB03F8100FB0330 /* OnboardingViewModel.swift */; };
		0BC0E5AD2BB0404500FB0330 /* OnboardingContentView.swift in Sources */ = {isa = PBXBuildFile; fileRef = 0BC0E5AC2BB0404500FB0330 /* OnboardingContentView.swift */; };
		0BC0E5AF2BB04B7100FB0330 /* SurveyView.swift in Sources */ = {isa = PBXBuildFile; fileRef = 0BC0E5AE2BB04B7100FB0330 /* SurveyView.swift */; };
		0BC0E5B12BB04BA800FB0330 /* SurveyProblemView.swift in Sources */ = {isa = PBXBuildFile; fileRef = 0BC0E5B02BB04BA800FB0330 /* SurveyProblemView.swift */; };
		0BC0E5B32BB04BC600FB0330 /* GoalPeriodView.swift in Sources */ = {isa = PBXBuildFile; fileRef = 0BC0E5B22BB04BC600FB0330 /* GoalPeriodView.swift */; };
		0BC0E5B52BB04BD100FB0330 /* GoalTimeView.swift in Sources */ = {isa = PBXBuildFile; fileRef = 0BC0E5B42BB04BD100FB0330 /* GoalTimeView.swift */; };
		0BC0E5BB2BB04C0B00FB0330 /* AppGoalTimeView.swift in Sources */ = {isa = PBXBuildFile; fileRef = 0BC0E5BA2BB04C0B00FB0330 /* AppGoalTimeView.swift */; };
		0BC0E5BD2BB0571E00FB0330 /* NextButtonView.swift in Sources */ = {isa = PBXBuildFile; fileRef = 0BC0E5BC2BB0571E00FB0330 /* NextButtonView.swift */; };
		0BD2D6722B9F385100733843 /* Pretendard-Regular.otf in Resources */ = {isa = PBXBuildFile; fileRef = 0BD2D6702B9F385000733843 /* Pretendard-Regular.otf */; };
		0BD2D6732B9F385100733843 /* Pretendard-SemiBold.otf in Resources */ = {isa = PBXBuildFile; fileRef = 0BD2D6712B9F385100733843 /* Pretendard-SemiBold.otf */; };
		0BD2D6752B9F386B00733843 /* Pretendard-Medium.otf in Resources */ = {isa = PBXBuildFile; fileRef = 0BD2D6742B9F386B00733843 /* Pretendard-Medium.otf */; };
		0BD2D6782B9F39EF00733843 /* Font.swift in Sources */ = {isa = PBXBuildFile; fileRef = 0BD2D6772B9F39EF00733843 /* Font.swift */; };
		0BD2D67C2B9F5A7B00733843 /* String.swift in Sources */ = {isa = PBXBuildFile; fileRef = 0BD2D67B2B9F5A7B00733843 /* String.swift */; };
		0BF56C932BC39127003ECFB1 /* PickerView.swift in Sources */ = {isa = PBXBuildFile; fileRef = 0BF56C922BC39127003ECFB1 /* PickerView.swift */; };
		0BF56C952BC39BE9003ECFB1 /* OnboardingCompleteView.swift in Sources */ = {isa = PBXBuildFile; fileRef = 0BF56C942BC39BE9003ECFB1 /* OnboardingCompleteView.swift */; };
		0BF56C972BC3B871003ECFB1 /* StoryContentView.swift in Sources */ = {isa = PBXBuildFile; fileRef = 0BF56C962BC3B871003ECFB1 /* StoryContentView.swift */; };
		3601C8362BC6E8FB005790F7 /* HomeViewModel.swift in Sources */ = {isa = PBXBuildFile; fileRef = 3601C8352BC6E8FB005790F7 /* HomeViewModel.swift */; };
		3601C8382BC6EC5C005790F7 /* UsageTimeListItemView.swift in Sources */ = {isa = PBXBuildFile; fileRef = 3601C8372BC6EC5C005790F7 /* UsageTimeListItemView.swift */; };
		361C61EA2BD6B7F200EF0D8B /* Font.swift in Sources */ = {isa = PBXBuildFile; fileRef = 0BD2D6772B9F39EF00733843 /* Font.swift */; };
		361C61EC2BD6B8CC00EF0D8B /* Assets.xcassets in Resources */ = {isa = PBXBuildFile; fileRef = 365CD6C02B7E4C5100245CDD /* Assets.xcassets */; };
		361C61ED2BD6BA6900EF0D8B /* Pretendard-Regular.otf in Resources */ = {isa = PBXBuildFile; fileRef = 0BD2D6702B9F385000733843 /* Pretendard-Regular.otf */; };
		361C61EE2BD6BA6C00EF0D8B /* Pretendard-SemiBold.otf in Resources */ = {isa = PBXBuildFile; fileRef = 0BD2D6712B9F385100733843 /* Pretendard-SemiBold.otf */; };
		361C61EF2BD6BA6E00EF0D8B /* Pretendard-Medium.otf in Resources */ = {isa = PBXBuildFile; fileRef = 0BD2D6742B9F386B00733843 /* Pretendard-Medium.otf */; };
		361C61F12BD6BAA000EF0D8B /* HMH-iOS-Info.plist in Resources */ = {isa = PBXBuildFile; fileRef = 0BD2D6762B9F393400733843 /* HMH-iOS-Info.plist */; };
		365CD6BD2B7E4C4F00245CDD /* HMH_iOSApp.swift in Sources */ = {isa = PBXBuildFile; fileRef = 365CD6BC2B7E4C4F00245CDD /* HMH_iOSApp.swift */; };
		365CD6BF2B7E4C4F00245CDD /* ContentView.swift in Sources */ = {isa = PBXBuildFile; fileRef = 365CD6BE2B7E4C4F00245CDD /* ContentView.swift */; };
		365CD6C12B7E4C5100245CDD /* Assets.xcassets in Resources */ = {isa = PBXBuildFile; fileRef = 365CD6C02B7E4C5100245CDD /* Assets.xcassets */; };
		365CD6C42B7E4C5100245CDD /* Preview Assets.xcassets in Resources */ = {isa = PBXBuildFile; fileRef = 365CD6C32B7E4C5100245CDD /* Preview Assets.xcassets */; };
		365CD6CC2B7E4CBE00245CDD /* Lottie in Frameworks */ = {isa = PBXBuildFile; productRef = 365CD6CB2B7E4CBE00245CDD /* Lottie */; };
		365CD6CF2B7E4CE900245CDD /* CombineMoya in Frameworks */ = {isa = PBXBuildFile; productRef = 365CD6CE2B7E4CE900245CDD /* CombineMoya */; };
		365CD6D12B7E4CE900245CDD /* Moya in Frameworks */ = {isa = PBXBuildFile; productRef = 365CD6D02B7E4CE900245CDD /* Moya */; };
		365CD6D32B7E4CE900245CDD /* ReactiveMoya in Frameworks */ = {isa = PBXBuildFile; productRef = 365CD6D22B7E4CE900245CDD /* ReactiveMoya */; };
		365CD6D52B7E4CE900245CDD /* RxMoya in Frameworks */ = {isa = PBXBuildFile; productRef = 365CD6D42B7E4CE900245CDD /* RxMoya */; };
		365CD6D82B7E4D0700245CDD /* Kingfisher in Frameworks */ = {isa = PBXBuildFile; productRef = 365CD6D72B7E4D0700245CDD /* Kingfisher */; };
		365CD6DB2B7E4D3600245CDD /* SnapKit in Frameworks */ = {isa = PBXBuildFile; productRef = 365CD6DA2B7E4D3600245CDD /* SnapKit */; };
		365CD6DE2B7E4D4E00245CDD /* Then in Frameworks */ = {isa = PBXBuildFile; productRef = 365CD6DD2B7E4D4E00245CDD /* Then */; };
		367243B22BE9ABCC007A5A7B /* ChallengeViewModel.swift in Sources */ = {isa = PBXBuildFile; fileRef = 367243B12BE9ABCC007A5A7B /* ChallengeViewModel.swift */; };
		367243B62BED3830007A5A7B /* ScreenTimeViewModel.swift in Sources */ = {isa = PBXBuildFile; fileRef = 367243B52BED3830007A5A7B /* ScreenTimeViewModel.swift */; };
		367243D12BEDE9F6007A5A7B /* NetworkHelper.swift in Sources */ = {isa = PBXBuildFile; fileRef = 367243CA2BEDE9F5007A5A7B /* NetworkHelper.swift */; };
		367243D22BEDE9F6007A5A7B /* Config.swift in Sources */ = {isa = PBXBuildFile; fileRef = 367243CB2BEDE9F5007A5A7B /* Config.swift */; };
		367243D32BEDE9F6007A5A7B /* ResponseData.swift in Sources */ = {isa = PBXBuildFile; fileRef = 367243CC2BEDE9F5007A5A7B /* ResponseData.swift */; };
		367243D42BEDE9F6007A5A7B /* NetworkResult.swift in Sources */ = {isa = PBXBuildFile; fileRef = 367243CD2BEDE9F5007A5A7B /* NetworkResult.swift */; };
		367243D62BEDE9F6007A5A7B /* APIConstants.swift in Sources */ = {isa = PBXBuildFile; fileRef = 367243CF2BEDE9F6007A5A7B /* APIConstants.swift */; };
		367243D72BEDE9F6007A5A7B /* MoyaLoggerPlugin.swift in Sources */ = {isa = PBXBuildFile; fileRef = 367243D02BEDE9F6007A5A7B /* MoyaLoggerPlugin.swift */; };
		367243E22BEDEAF8007A5A7B /* SocialLoginRequestDTO.swift in Sources */ = {isa = PBXBuildFile; fileRef = 367243DB2BEDEAF7007A5A7B /* SocialLoginRequestDTO.swift */; };
		367243E32BEDEAF8007A5A7B /* SocialLoginResponseDTO.swift in Sources */ = {isa = PBXBuildFile; fileRef = 367243DC2BEDEAF7007A5A7B /* SocialLoginResponseDTO.swift */; };
		367243E42BEDEAF8007A5A7B /* SignUpResponseDTO.swift in Sources */ = {isa = PBXBuildFile; fileRef = 367243DD2BEDEAF7007A5A7B /* SignUpResponseDTO.swift */; };
		367243E62BEDEAF8007A5A7B /* SignUpRequestDTO.swift in Sources */ = {isa = PBXBuildFile; fileRef = 367243DF2BEDEAF8007A5A7B /* SignUpRequestDTO.swift */; };
		367243E72BEDEAF8007A5A7B /* RefreshTokenResponseDTO.swift in Sources */ = {isa = PBXBuildFile; fileRef = 367243E02BEDEAF8007A5A7B /* RefreshTokenResponseDTO.swift */; };
		367243F42BEDEB32007A5A7B /* AddAppResponseDTO.swift in Sources */ = {isa = PBXBuildFile; fileRef = 367243E92BEDEB30007A5A7B /* AddAppResponseDTO.swift */; };
		367243F52BEDEB32007A5A7B /* AddAppRequestDTO.swift in Sources */ = {isa = PBXBuildFile; fileRef = 367243EA2BEDEB31007A5A7B /* AddAppRequestDTO.swift */; };
		367243F62BEDEB32007A5A7B /* DeleteAppRequestDTO.swift in Sources */ = {isa = PBXBuildFile; fileRef = 367243EB2BEDEB31007A5A7B /* DeleteAppRequestDTO.swift */; };
		367243F72BEDEB32007A5A7B /* CreateChallengeResponseDTO.swift in Sources */ = {isa = PBXBuildFile; fileRef = 367243EC2BEDEB31007A5A7B /* CreateChallengeResponseDTO.swift */; };
		367243F82BEDEB32007A5A7B /* GetChallengeResponseDTO.swift in Sources */ = {isa = PBXBuildFile; fileRef = 367243ED2BEDEB31007A5A7B /* GetChallengeResponseDTO.swift */; };
		367243FA2BEDEB32007A5A7B /* GetHomeChallengeResponseDTO.swift in Sources */ = {isa = PBXBuildFile; fileRef = 367243EF2BEDEB31007A5A7B /* GetHomeChallengeResponseDTO.swift */; };
		367243FB2BEDEB32007A5A7B /* CreateChallengeRequestDTO.swift in Sources */ = {isa = PBXBuildFile; fileRef = 367243F02BEDEB31007A5A7B /* CreateChallengeRequestDTO.swift */; };
		367243FC2BEDEB32007A5A7B /* HomeChallengeResponseDTO.swift in Sources */ = {isa = PBXBuildFile; fileRef = 367243F12BEDEB31007A5A7B /* HomeChallengeResponseDTO.swift */; };
		367243FD2BEDEB32007A5A7B /* EmptyResponseDTO.swift in Sources */ = {isa = PBXBuildFile; fileRef = 367243F22BEDEB32007A5A7B /* EmptyResponseDTO.swift */; };
		367243FE2BEDEB32007A5A7B /* MidnightRequestDTO.swift in Sources */ = {isa = PBXBuildFile; fileRef = 367243F32BEDEB32007A5A7B /* MidnightRequestDTO.swift */; };
		367244012BEDEBD8007A5A7B /* GetUserDataResponseDTO.swift in Sources */ = {isa = PBXBuildFile; fileRef = 367244002BEDEBD8007A5A7B /* GetUserDataResponseDTO.swift */; };
		367244052BEDEC4A007A5A7B /* AuthRouter.swift in Sources */ = {isa = PBXBuildFile; fileRef = 367244022BEDEC4A007A5A7B /* AuthRouter.swift */; };
		367244062BEDEC4A007A5A7B /* ChallengeRouter.swift in Sources */ = {isa = PBXBuildFile; fileRef = 367244032BEDEC4A007A5A7B /* ChallengeRouter.swift */; };
		367244072BEDEC4A007A5A7B /* MyPageRouter.swift in Sources */ = {isa = PBXBuildFile; fileRef = 367244042BEDEC4A007A5A7B /* MyPageRouter.swift */; };
		367244092BEDEC7F007A5A7B /* Providers.swift in Sources */ = {isa = PBXBuildFile; fileRef = 367244082BEDEC7F007A5A7B /* Providers.swift */; };
		3672440B2BF0845B007A5A7B /* Config.xcconfig in Resources */ = {isa = PBXBuildFile; fileRef = 3672440A2BF0845B007A5A7B /* Config.xcconfig */; };
		3672440D2BF0863E007A5A7B /* BaseTargetType.swift in Sources */ = {isa = PBXBuildFile; fileRef = 3672440C2BF0863E007A5A7B /* BaseTargetType.swift */; };
		3672440F2BF08664007A5A7B /* NetworkProvider.swift in Sources */ = {isa = PBXBuildFile; fileRef = 3672440E2BF08664007A5A7B /* NetworkProvider.swift */; };
		367244112BF08684007A5A7B /* BaseModel.swift in Sources */ = {isa = PBXBuildFile; fileRef = 367244102BF08684007A5A7B /* BaseModel.swift */; };
		367244132BF086A7007A5A7B /* AuthInterceptor.swift in Sources */ = {isa = PBXBuildFile; fileRef = 367244122BF086A7007A5A7B /* AuthInterceptor.swift */; };
		367244152BF0956B007A5A7B /* PointView.swift in Sources */ = {isa = PBXBuildFile; fileRef = 367244142BF0956B007A5A7B /* PointView.swift */; };
		367244172BF095AF007A5A7B /* PointViewModel.swift in Sources */ = {isa = PBXBuildFile; fileRef = 367244162BF095AF007A5A7B /* PointViewModel.swift */; };
		367244192BF102A6007A5A7B /* ActivityModel.swift in Sources */ = {isa = PBXBuildFile; fileRef = 367244182BF102A6007A5A7B /* ActivityModel.swift */; };
		3672441C2BF13048007A5A7B /* AppActivityReport.swift in Sources */ = {isa = PBXBuildFile; fileRef = 3672441B2BF13048007A5A7B /* AppActivityReport.swift */; };
		367244232BF274C0007A5A7B /* ChallengeActivityView.swift in Sources */ = {isa = PBXBuildFile; fileRef = 367244222BF274C0007A5A7B /* ChallengeActivityView.swift */; };
		3672443C2BF32481007A5A7B /* DeviceActivity.framework in Frameworks */ = {isa = PBXBuildFile; fileRef = 368CAA942BB9617A00FA83B3 /* DeviceActivity.framework */; };
		3672443F2BF32481007A5A7B /* DeviceActivityMonitorExtension.swift in Sources */ = {isa = PBXBuildFile; fileRef = 3672443E2BF32481007A5A7B /* DeviceActivityMonitorExtension.swift */; };
		367244442BF32481007A5A7B /* DeviceActivityMonitor.appex in Embed Foundation Extensions */ = {isa = PBXBuildFile; fileRef = 3672443B2BF32481007A5A7B /* DeviceActivityMonitor.appex */; settings = {ATTRIBUTES = (RemoveHeadersOnCopy, ); }; };
		367244CB2BF3C338007A5A7B /* ManagedSettings.framework in Frameworks */ = {isa = PBXBuildFile; fileRef = 368CAABC2BB961D900FA83B3 /* ManagedSettings.framework */; };
		367244CE2BF3C338007A5A7B /* ShieldActionExtension.swift in Sources */ = {isa = PBXBuildFile; fileRef = 367244CD2BF3C338007A5A7B /* ShieldActionExtension.swift */; };
		367244D32BF3C339007A5A7B /* ShieldActionConfig.appex in Embed Foundation Extensions */ = {isa = PBXBuildFile; fileRef = 367244CA2BF3C338007A5A7B /* ShieldActionConfig.appex */; settings = {ATTRIBUTES = (RemoveHeadersOnCopy, ); }; };
		367244DC2BF3C660007A5A7B /* ManagedSettings.framework in Frameworks */ = {isa = PBXBuildFile; fileRef = 368CAABC2BB961D900FA83B3 /* ManagedSettings.framework */; };
		367244DF2BF3C660007A5A7B /* ShieldActionExtension.swift in Sources */ = {isa = PBXBuildFile; fileRef = 367244DE2BF3C660007A5A7B /* ShieldActionExtension.swift */; };
		367244E42BF3C660007A5A7B /* ShieldActionExtension.appex in Embed Foundation Extensions */ = {isa = PBXBuildFile; fileRef = 367244DB2BF3C660007A5A7B /* ShieldActionExtension.appex */; settings = {ATTRIBUTES = (RemoveHeadersOnCopy, ); }; };
		367244E92BF3D770007A5A7B /* AppStorageKey.swift in Sources */ = {isa = PBXBuildFile; fileRef = 367244E82BF3D770007A5A7B /* AppStorageKey.swift */; };
		367244EA2BF3D9E1007A5A7B /* AppStorageKey.swift in Sources */ = {isa = PBXBuildFile; fileRef = 367244E82BF3D770007A5A7B /* AppStorageKey.swift */; };
		367244EB2BF3DAC9007A5A7B /* ScreenTimeViewModel.swift in Sources */ = {isa = PBXBuildFile; fileRef = 367243B52BED3830007A5A7B /* ScreenTimeViewModel.swift */; };
		367244ED2BF3E778007A5A7B /* NotificationManager.swift in Sources */ = {isa = PBXBuildFile; fileRef = 367244EC2BF3E778007A5A7B /* NotificationManager.swift */; };
		368C5D972BCC41990035A1AC /* HMHDeviceActivityReport.swift in Sources */ = {isa = PBXBuildFile; fileRef = 368C5D962BCC41990035A1AC /* HMHDeviceActivityReport.swift */; };
		368C5D992BCC41990035A1AC /* TotalActivityReport.swift in Sources */ = {isa = PBXBuildFile; fileRef = 368C5D982BCC41990035A1AC /* TotalActivityReport.swift */; };
		368C5D9B2BCC41990035A1AC /* TotalActivityView.swift in Sources */ = {isa = PBXBuildFile; fileRef = 368C5D9A2BCC41990035A1AC /* TotalActivityView.swift */; };
		368C5DA02BCC41990035A1AC /* HMHDeviceActivityReport.appex in Embed ExtensionKit Extensions */ = {isa = PBXBuildFile; fileRef = 368C5D942BCC41990035A1AC /* HMHDeviceActivityReport.appex */; settings = {ATTRIBUTES = (RemoveHeadersOnCopy, ); }; };
		368CAADF2BB9975C00FA83B3 /* NavigationBarView.swift in Sources */ = {isa = PBXBuildFile; fileRef = 368CAADE2BB9975C00FA83B3 /* NavigationBarView.swift */; };
		368CAAE22BB9B26000FA83B3 /* CustomNavigationBarModifier.swift in Sources */ = {isa = PBXBuildFile; fileRef = 368CAAE12BB9B26000FA83B3 /* CustomNavigationBarModifier.swift */; };
		36EB6EC02BDCC65600E8C939 /* AppActivityView.swift in Sources */ = {isa = PBXBuildFile; fileRef = 36EB6EBF2BDCC65600E8C939 /* AppActivityView.swift */; };
/* End PBXBuildFile section */

/* Begin PBXContainerItemProxy section */
		367244422BF32481007A5A7B /* PBXContainerItemProxy */ = {
			isa = PBXContainerItemProxy;
			containerPortal = 365CD6B12B7E4C4F00245CDD /* Project object */;
			proxyType = 1;
			remoteGlobalIDString = 3672443A2BF32481007A5A7B;
			remoteInfo = DeviceActivityMonitor;
		};
		367244D12BF3C339007A5A7B /* PBXContainerItemProxy */ = {
			isa = PBXContainerItemProxy;
			containerPortal = 365CD6B12B7E4C4F00245CDD /* Project object */;
			proxyType = 1;
			remoteGlobalIDString = 367244C92BF3C338007A5A7B;
			remoteInfo = ShieldActionConfig;
		};
		367244E22BF3C660007A5A7B /* PBXContainerItemProxy */ = {
			isa = PBXContainerItemProxy;
			containerPortal = 365CD6B12B7E4C4F00245CDD /* Project object */;
			proxyType = 1;
			remoteGlobalIDString = 367244DA2BF3C660007A5A7B;
			remoteInfo = ShieldActionExtension;
		};
		368C5D9E2BCC41990035A1AC /* PBXContainerItemProxy */ = {
			isa = PBXContainerItemProxy;
			containerPortal = 365CD6B12B7E4C4F00245CDD /* Project object */;
			proxyType = 1;
			remoteGlobalIDString = 368C5D932BCC41990035A1AC;
			remoteInfo = HMHDeviceActivityReport;
		};
/* End PBXContainerItemProxy section */

/* Begin PBXCopyFilesBuildPhase section */
		368CAA9E2BB9617A00FA83B3 /* Embed Foundation Extensions */ = {
			isa = PBXCopyFilesBuildPhase;
			buildActionMask = 2147483647;
			dstPath = "";
			dstSubfolderSpec = 13;
			files = (
				367244442BF32481007A5A7B /* DeviceActivityMonitor.appex in Embed Foundation Extensions */,
				367244D32BF3C339007A5A7B /* ShieldActionConfig.appex in Embed Foundation Extensions */,
				367244E42BF3C660007A5A7B /* ShieldActionExtension.appex in Embed Foundation Extensions */,
			);
			name = "Embed Foundation Extensions";
			runOnlyForDeploymentPostprocessing = 0;
		};
		368CAAB62BB9618600FA83B3 /* Embed ExtensionKit Extensions */ = {
			isa = PBXCopyFilesBuildPhase;
			buildActionMask = 2147483647;
			dstPath = "$(EXTENSIONS_FOLDER_PATH)";
			dstSubfolderSpec = 16;
			files = (
				368C5DA02BCC41990035A1AC /* HMHDeviceActivityReport.appex in Embed ExtensionKit Extensions */,
			);
			name = "Embed ExtensionKit Extensions";
			runOnlyForDeploymentPostprocessing = 0;
		};
/* End PBXCopyFilesBuildPhase section */

/* Begin PBXFileReference section */
		0B3C296A2BA01BD200435B30 /* TabBarView.swift */ = {isa = PBXFileReference; lastKnownFileType = sourcecode.swift; path = TabBarView.swift; sourceTree = "<group>"; };
		0B3C296C2BA01C2000435B30 /* ChallengeView.swift */ = {isa = PBXFileReference; lastKnownFileType = sourcecode.swift; path = ChallengeView.swift; sourceTree = "<group>"; };
		0B3C296E2BA01C2800435B30 /* HomeView.swift */ = {isa = PBXFileReference; lastKnownFileType = sourcecode.swift; path = HomeView.swift; sourceTree = "<group>"; };
		0B3C29702BA01C3000435B30 /* MyPageView.swift */ = {isa = PBXFileReference; lastKnownFileType = sourcecode.swift; path = MyPageView.swift; sourceTree = "<group>"; };
		0B3C29722BA01DCE00435B30 /* CustomTabView.swift */ = {isa = PBXFileReference; lastKnownFileType = sourcecode.swift; path = CustomTabView.swift; sourceTree = "<group>"; usesTabs = 0; };
		0B5140532BE3A2D600C78B9F /* LoginView.swift */ = {isa = PBXFileReference; lastKnownFileType = sourcecode.swift; path = LoginView.swift; sourceTree = "<group>"; };
		0B7646BA2BB13F6100C56D7A /* SurveyButton.swift */ = {isa = PBXFileReference; lastKnownFileType = sourcecode.swift; path = SurveyButton.swift; sourceTree = "<group>"; };
		0B82ECAF2BC9152F002D5CF3 /* MyPageViewModel.swift */ = {isa = PBXFileReference; lastKnownFileType = sourcecode.swift; path = MyPageViewModel.swift; sourceTree = "<group>"; };
		0B82ECB12BC916C6002D5CF3 /* MyPageButton.swift */ = {isa = PBXFileReference; lastKnownFileType = sourcecode.swift; path = MyPageButton.swift; sourceTree = "<group>"; };
		0B8693762BE5CB46000D7CE1 /* SwipeView.swift */ = {isa = PBXFileReference; lastKnownFileType = sourcecode.swift; path = SwipeView.swift; sourceTree = "<group>"; };
		0B86937A2BE727DA000D7CE1 /* SocialLoginModel.swift */ = {isa = PBXFileReference; lastKnownFileType = sourcecode.swift; path = SocialLoginModel.swift; sourceTree = "<group>"; };
		0B86937C2BE727E5000D7CE1 /* LoginViewModel.swift */ = {isa = PBXFileReference; lastKnownFileType = sourcecode.swift; path = LoginViewModel.swift; sourceTree = "<group>"; };
		0B86937E2BE87A5F000D7CE1 /* LoginButton.swift */ = {isa = PBXFileReference; lastKnownFileType = sourcecode.swift; path = LoginButton.swift; sourceTree = "<group>"; };
		0B8693882BE8B865000D7CE1 /* Config.xcconfig */ = {isa = PBXFileReference; lastKnownFileType = text.xcconfig; path = Config.xcconfig; sourceTree = "<group>"; };
		0B9834DB2BC8234700A1457A /* SplashView.swift */ = {isa = PBXFileReference; lastKnownFileType = sourcecode.swift; path = SplashView.swift; sourceTree = "<group>"; };
		0B9ACF302BA14FDB00EC0BDE /* Main-F-final.json */ = {isa = PBXFileReference; fileEncoding = 4; lastKnownFileType = text.json; path = "Main-F-final.json"; sourceTree = "<group>"; };
		0B9ACF312BA14FDB00EC0BDE /* Main-B-final.json */ = {isa = PBXFileReference; fileEncoding = 4; lastKnownFileType = text.json; path = "Main-B-final.json"; sourceTree = "<group>"; };
		0B9ACF322BA14FDB00EC0BDE /* Main-D-final.json */ = {isa = PBXFileReference; fileEncoding = 4; lastKnownFileType = text.json; path = "Main-D-final.json"; sourceTree = "<group>"; };
		0B9ACF332BA14FDB00EC0BDE /* Main-C-final.json */ = {isa = PBXFileReference; fileEncoding = 4; lastKnownFileType = text.json; path = "Main-C-final.json"; sourceTree = "<group>"; };
		0B9ACF342BA14FDB00EC0BDE /* Main-A-final.json */ = {isa = PBXFileReference; fileEncoding = 4; lastKnownFileType = text.json; path = "Main-A-final.json"; sourceTree = "<group>"; };
		0B9ACF352BA14FDB00EC0BDE /* Main-E-final.json */ = {isa = PBXFileReference; fileEncoding = 4; lastKnownFileType = text.json; path = "Main-E-final.json"; sourceTree = "<group>"; };
		0BB2E6342BE9EC0A00E13096 /* Splash_Bg.json */ = {isa = PBXFileReference; fileEncoding = 4; lastKnownFileType = text.json; path = Splash_Bg.json; sourceTree = "<group>"; };
		0BB2E6362BE9EC1400E13096 /* Logo_wordmark_white.json */ = {isa = PBXFileReference; fileEncoding = 4; lastKnownFileType = text.json; path = Logo_wordmark_white.json; sourceTree = "<group>"; };
		0BC0E5A82BB03EE400FB0330 /* OnboardingModel.swift */ = {isa = PBXFileReference; lastKnownFileType = sourcecode.swift; path = OnboardingModel.swift; sourceTree = "<group>"; };
		0BC0E5AA2BB03F8100FB0330 /* OnboardingViewModel.swift */ = {isa = PBXFileReference; lastKnownFileType = sourcecode.swift; path = OnboardingViewModel.swift; sourceTree = "<group>"; };
		0BC0E5AC2BB0404500FB0330 /* OnboardingContentView.swift */ = {isa = PBXFileReference; lastKnownFileType = sourcecode.swift; path = OnboardingContentView.swift; sourceTree = "<group>"; };
		0BC0E5AE2BB04B7100FB0330 /* SurveyView.swift */ = {isa = PBXFileReference; lastKnownFileType = sourcecode.swift; path = SurveyView.swift; sourceTree = "<group>"; };
		0BC0E5B02BB04BA800FB0330 /* SurveyProblemView.swift */ = {isa = PBXFileReference; lastKnownFileType = sourcecode.swift; path = SurveyProblemView.swift; sourceTree = "<group>"; };
		0BC0E5B22BB04BC600FB0330 /* GoalPeriodView.swift */ = {isa = PBXFileReference; lastKnownFileType = sourcecode.swift; path = GoalPeriodView.swift; sourceTree = "<group>"; };
		0BC0E5B42BB04BD100FB0330 /* GoalTimeView.swift */ = {isa = PBXFileReference; lastKnownFileType = sourcecode.swift; path = GoalTimeView.swift; sourceTree = "<group>"; };
		0BC0E5BA2BB04C0B00FB0330 /* AppGoalTimeView.swift */ = {isa = PBXFileReference; lastKnownFileType = sourcecode.swift; path = AppGoalTimeView.swift; sourceTree = "<group>"; };
		0BC0E5BC2BB0571E00FB0330 /* NextButtonView.swift */ = {isa = PBXFileReference; lastKnownFileType = sourcecode.swift; path = NextButtonView.swift; sourceTree = "<group>"; };
		0BD2D6702B9F385000733843 /* Pretendard-Regular.otf */ = {isa = PBXFileReference; lastKnownFileType = file; path = "Pretendard-Regular.otf"; sourceTree = "<group>"; };
		0BD2D6712B9F385100733843 /* Pretendard-SemiBold.otf */ = {isa = PBXFileReference; lastKnownFileType = file; path = "Pretendard-SemiBold.otf"; sourceTree = "<group>"; };
		0BD2D6742B9F386B00733843 /* Pretendard-Medium.otf */ = {isa = PBXFileReference; lastKnownFileType = file; path = "Pretendard-Medium.otf"; sourceTree = "<group>"; };
		0BD2D6762B9F393400733843 /* HMH-iOS-Info.plist */ = {isa = PBXFileReference; lastKnownFileType = text.plist; path = "HMH-iOS-Info.plist"; sourceTree = SOURCE_ROOT; };
		0BD2D6772B9F39EF00733843 /* Font.swift */ = {isa = PBXFileReference; lastKnownFileType = sourcecode.swift; path = Font.swift; sourceTree = "<group>"; };
		0BD2D67B2B9F5A7B00733843 /* String.swift */ = {isa = PBXFileReference; lastKnownFileType = sourcecode.swift; path = String.swift; sourceTree = "<group>"; };
		0BF56C922BC39127003ECFB1 /* PickerView.swift */ = {isa = PBXFileReference; lastKnownFileType = sourcecode.swift; path = PickerView.swift; sourceTree = "<group>"; };
		0BF56C942BC39BE9003ECFB1 /* OnboardingCompleteView.swift */ = {isa = PBXFileReference; lastKnownFileType = sourcecode.swift; path = OnboardingCompleteView.swift; sourceTree = "<group>"; };
		0BF56C962BC3B871003ECFB1 /* StoryContentView.swift */ = {isa = PBXFileReference; lastKnownFileType = sourcecode.swift; path = StoryContentView.swift; sourceTree = "<group>"; };
		3601C8352BC6E8FB005790F7 /* HomeViewModel.swift */ = {isa = PBXFileReference; lastKnownFileType = sourcecode.swift; path = HomeViewModel.swift; sourceTree = "<group>"; };
		3601C8372BC6EC5C005790F7 /* UsageTimeListItemView.swift */ = {isa = PBXFileReference; lastKnownFileType = sourcecode.swift; path = UsageTimeListItemView.swift; sourceTree = "<group>"; };
		365CD6B92B7E4C4F00245CDD /* HMH_iOS.app */ = {isa = PBXFileReference; explicitFileType = wrapper.application; includeInIndex = 0; path = HMH_iOS.app; sourceTree = BUILT_PRODUCTS_DIR; };
		365CD6BC2B7E4C4F00245CDD /* HMH_iOSApp.swift */ = {isa = PBXFileReference; lastKnownFileType = sourcecode.swift; path = HMH_iOSApp.swift; sourceTree = "<group>"; };
		365CD6BE2B7E4C4F00245CDD /* ContentView.swift */ = {isa = PBXFileReference; lastKnownFileType = sourcecode.swift; path = ContentView.swift; sourceTree = "<group>"; };
		365CD6C02B7E4C5100245CDD /* Assets.xcassets */ = {isa = PBXFileReference; lastKnownFileType = folder.assetcatalog; path = Assets.xcassets; sourceTree = "<group>"; };
		365CD6C32B7E4C5100245CDD /* Preview Assets.xcassets */ = {isa = PBXFileReference; lastKnownFileType = folder.assetcatalog; path = "Preview Assets.xcassets"; sourceTree = "<group>"; };
		367243B12BE9ABCC007A5A7B /* ChallengeViewModel.swift */ = {isa = PBXFileReference; lastKnownFileType = sourcecode.swift; path = ChallengeViewModel.swift; sourceTree = "<group>"; };
		367243B52BED3830007A5A7B /* ScreenTimeViewModel.swift */ = {isa = PBXFileReference; lastKnownFileType = sourcecode.swift; path = ScreenTimeViewModel.swift; sourceTree = "<group>"; };
		367243CA2BEDE9F5007A5A7B /* NetworkHelper.swift */ = {isa = PBXFileReference; fileEncoding = 4; lastKnownFileType = sourcecode.swift; path = NetworkHelper.swift; sourceTree = "<group>"; };
		367243CB2BEDE9F5007A5A7B /* Config.swift */ = {isa = PBXFileReference; fileEncoding = 4; lastKnownFileType = sourcecode.swift; path = Config.swift; sourceTree = "<group>"; };
		367243CC2BEDE9F5007A5A7B /* ResponseData.swift */ = {isa = PBXFileReference; fileEncoding = 4; lastKnownFileType = sourcecode.swift; path = ResponseData.swift; sourceTree = "<group>"; };
		367243CD2BEDE9F5007A5A7B /* NetworkResult.swift */ = {isa = PBXFileReference; fileEncoding = 4; lastKnownFileType = sourcecode.swift; path = NetworkResult.swift; sourceTree = "<group>"; };
		367243CF2BEDE9F6007A5A7B /* APIConstants.swift */ = {isa = PBXFileReference; fileEncoding = 4; lastKnownFileType = sourcecode.swift; path = APIConstants.swift; sourceTree = "<group>"; };
		367243D02BEDE9F6007A5A7B /* MoyaLoggerPlugin.swift */ = {isa = PBXFileReference; fileEncoding = 4; lastKnownFileType = sourcecode.swift; path = MoyaLoggerPlugin.swift; sourceTree = "<group>"; };
		367243DB2BEDEAF7007A5A7B /* SocialLoginRequestDTO.swift */ = {isa = PBXFileReference; fileEncoding = 4; lastKnownFileType = sourcecode.swift; path = SocialLoginRequestDTO.swift; sourceTree = "<group>"; };
		367243DC2BEDEAF7007A5A7B /* SocialLoginResponseDTO.swift */ = {isa = PBXFileReference; fileEncoding = 4; lastKnownFileType = sourcecode.swift; path = SocialLoginResponseDTO.swift; sourceTree = "<group>"; };
		367243DD2BEDEAF7007A5A7B /* SignUpResponseDTO.swift */ = {isa = PBXFileReference; fileEncoding = 4; lastKnownFileType = sourcecode.swift; path = SignUpResponseDTO.swift; sourceTree = "<group>"; };
		367243DF2BEDEAF8007A5A7B /* SignUpRequestDTO.swift */ = {isa = PBXFileReference; fileEncoding = 4; lastKnownFileType = sourcecode.swift; path = SignUpRequestDTO.swift; sourceTree = "<group>"; };
		367243E02BEDEAF8007A5A7B /* RefreshTokenResponseDTO.swift */ = {isa = PBXFileReference; fileEncoding = 4; lastKnownFileType = sourcecode.swift; path = RefreshTokenResponseDTO.swift; sourceTree = "<group>"; };
		367243E92BEDEB30007A5A7B /* AddAppResponseDTO.swift */ = {isa = PBXFileReference; fileEncoding = 4; lastKnownFileType = sourcecode.swift; path = AddAppResponseDTO.swift; sourceTree = "<group>"; };
		367243EA2BEDEB31007A5A7B /* AddAppRequestDTO.swift */ = {isa = PBXFileReference; fileEncoding = 4; lastKnownFileType = sourcecode.swift; path = AddAppRequestDTO.swift; sourceTree = "<group>"; };
		367243EB2BEDEB31007A5A7B /* DeleteAppRequestDTO.swift */ = {isa = PBXFileReference; fileEncoding = 4; lastKnownFileType = sourcecode.swift; path = DeleteAppRequestDTO.swift; sourceTree = "<group>"; };
		367243EC2BEDEB31007A5A7B /* CreateChallengeResponseDTO.swift */ = {isa = PBXFileReference; fileEncoding = 4; lastKnownFileType = sourcecode.swift; path = CreateChallengeResponseDTO.swift; sourceTree = "<group>"; };
		367243ED2BEDEB31007A5A7B /* GetChallengeResponseDTO.swift */ = {isa = PBXFileReference; fileEncoding = 4; lastKnownFileType = sourcecode.swift; path = GetChallengeResponseDTO.swift; sourceTree = "<group>"; };
		367243EF2BEDEB31007A5A7B /* GetHomeChallengeResponseDTO.swift */ = {isa = PBXFileReference; fileEncoding = 4; lastKnownFileType = sourcecode.swift; path = GetHomeChallengeResponseDTO.swift; sourceTree = "<group>"; };
		367243F02BEDEB31007A5A7B /* CreateChallengeRequestDTO.swift */ = {isa = PBXFileReference; fileEncoding = 4; lastKnownFileType = sourcecode.swift; path = CreateChallengeRequestDTO.swift; sourceTree = "<group>"; };
		367243F12BEDEB31007A5A7B /* HomeChallengeResponseDTO.swift */ = {isa = PBXFileReference; fileEncoding = 4; lastKnownFileType = sourcecode.swift; path = HomeChallengeResponseDTO.swift; sourceTree = "<group>"; };
		367243F22BEDEB32007A5A7B /* EmptyResponseDTO.swift */ = {isa = PBXFileReference; fileEncoding = 4; lastKnownFileType = sourcecode.swift; path = EmptyResponseDTO.swift; sourceTree = "<group>"; };
		367243F32BEDEB32007A5A7B /* MidnightRequestDTO.swift */ = {isa = PBXFileReference; fileEncoding = 4; lastKnownFileType = sourcecode.swift; path = MidnightRequestDTO.swift; sourceTree = "<group>"; };
		367244002BEDEBD8007A5A7B /* GetUserDataResponseDTO.swift */ = {isa = PBXFileReference; fileEncoding = 4; lastKnownFileType = sourcecode.swift; path = GetUserDataResponseDTO.swift; sourceTree = "<group>"; };
		367244022BEDEC4A007A5A7B /* AuthRouter.swift */ = {isa = PBXFileReference; fileEncoding = 4; lastKnownFileType = sourcecode.swift; path = AuthRouter.swift; sourceTree = "<group>"; };
		367244032BEDEC4A007A5A7B /* ChallengeRouter.swift */ = {isa = PBXFileReference; fileEncoding = 4; lastKnownFileType = sourcecode.swift; path = ChallengeRouter.swift; sourceTree = "<group>"; };
		367244042BEDEC4A007A5A7B /* MyPageRouter.swift */ = {isa = PBXFileReference; fileEncoding = 4; lastKnownFileType = sourcecode.swift; path = MyPageRouter.swift; sourceTree = "<group>"; };
		367244082BEDEC7F007A5A7B /* Providers.swift */ = {isa = PBXFileReference; fileEncoding = 4; lastKnownFileType = sourcecode.swift; path = Providers.swift; sourceTree = "<group>"; };
		3672440A2BF0845B007A5A7B /* Config.xcconfig */ = {isa = PBXFileReference; fileEncoding = 4; lastKnownFileType = text.xcconfig; path = Config.xcconfig; sourceTree = "<group>"; };
		3672440C2BF0863E007A5A7B /* BaseTargetType.swift */ = {isa = PBXFileReference; lastKnownFileType = sourcecode.swift; path = BaseTargetType.swift; sourceTree = "<group>"; };
		3672440E2BF08664007A5A7B /* NetworkProvider.swift */ = {isa = PBXFileReference; lastKnownFileType = sourcecode.swift; path = NetworkProvider.swift; sourceTree = "<group>"; };
		367244102BF08684007A5A7B /* BaseModel.swift */ = {isa = PBXFileReference; lastKnownFileType = sourcecode.swift; path = BaseModel.swift; sourceTree = "<group>"; };
		367244122BF086A7007A5A7B /* AuthInterceptor.swift */ = {isa = PBXFileReference; lastKnownFileType = sourcecode.swift; path = AuthInterceptor.swift; sourceTree = "<group>"; };
		367244142BF0956B007A5A7B /* PointView.swift */ = {isa = PBXFileReference; lastKnownFileType = sourcecode.swift; path = PointView.swift; sourceTree = "<group>"; };
		367244162BF095AF007A5A7B /* PointViewModel.swift */ = {isa = PBXFileReference; lastKnownFileType = sourcecode.swift; path = PointViewModel.swift; sourceTree = "<group>"; };
		367244182BF102A6007A5A7B /* ActivityModel.swift */ = {isa = PBXFileReference; lastKnownFileType = sourcecode.swift; path = ActivityModel.swift; sourceTree = "<group>"; };
		3672441B2BF13048007A5A7B /* AppActivityReport.swift */ = {isa = PBXFileReference; lastKnownFileType = sourcecode.swift; path = AppActivityReport.swift; sourceTree = "<group>"; };
		367244222BF274C0007A5A7B /* ChallengeActivityView.swift */ = {isa = PBXFileReference; lastKnownFileType = sourcecode.swift; path = ChallengeActivityView.swift; sourceTree = "<group>"; };
		3672442A2BF31D5F007A5A7B /* ManagedSettingsUI.framework */ = {isa = PBXFileReference; lastKnownFileType = wrapper.framework; name = ManagedSettingsUI.framework; path = System/Library/Frameworks/ManagedSettingsUI.framework; sourceTree = SDKROOT; };
		3672443B2BF32481007A5A7B /* DeviceActivityMonitor.appex */ = {isa = PBXFileReference; explicitFileType = "wrapper.app-extension"; includeInIndex = 0; path = DeviceActivityMonitor.appex; sourceTree = BUILT_PRODUCTS_DIR; };
		3672443E2BF32481007A5A7B /* DeviceActivityMonitorExtension.swift */ = {isa = PBXFileReference; lastKnownFileType = sourcecode.swift; path = DeviceActivityMonitorExtension.swift; sourceTree = "<group>"; };
		367244402BF32481007A5A7B /* Info.plist */ = {isa = PBXFileReference; lastKnownFileType = text.plist.xml; path = Info.plist; sourceTree = "<group>"; };
		367244412BF32481007A5A7B /* DeviceActivityMonitor.entitlements */ = {isa = PBXFileReference; lastKnownFileType = text.plist.entitlements; path = DeviceActivityMonitor.entitlements; sourceTree = "<group>"; };
		367244CA2BF3C338007A5A7B /* ShieldActionConfig.appex */ = {isa = PBXFileReference; explicitFileType = "wrapper.app-extension"; includeInIndex = 0; path = ShieldActionConfig.appex; sourceTree = BUILT_PRODUCTS_DIR; };
		367244CD2BF3C338007A5A7B /* ShieldActionExtension.swift */ = {isa = PBXFileReference; lastKnownFileType = sourcecode.swift; path = ShieldActionExtension.swift; sourceTree = "<group>"; };
		367244CF2BF3C338007A5A7B /* Info.plist */ = {isa = PBXFileReference; lastKnownFileType = text.plist.xml; path = Info.plist; sourceTree = "<group>"; };
		367244D02BF3C338007A5A7B /* ShieldActionConfig.entitlements */ = {isa = PBXFileReference; lastKnownFileType = text.plist.entitlements; path = ShieldActionConfig.entitlements; sourceTree = "<group>"; };
		367244DB2BF3C660007A5A7B /* ShieldActionExtension.appex */ = {isa = PBXFileReference; explicitFileType = "wrapper.app-extension"; includeInIndex = 0; path = ShieldActionExtension.appex; sourceTree = BUILT_PRODUCTS_DIR; };
		367244DE2BF3C660007A5A7B /* ShieldActionExtension.swift */ = {isa = PBXFileReference; lastKnownFileType = sourcecode.swift; path = ShieldActionExtension.swift; sourceTree = "<group>"; };
		367244E02BF3C660007A5A7B /* Info.plist */ = {isa = PBXFileReference; lastKnownFileType = text.plist.xml; path = Info.plist; sourceTree = "<group>"; };
		367244E12BF3C660007A5A7B /* ShieldActionExtension.entitlements */ = {isa = PBXFileReference; lastKnownFileType = text.plist.entitlements; path = ShieldActionExtension.entitlements; sourceTree = "<group>"; };
		367244E82BF3D770007A5A7B /* AppStorageKey.swift */ = {isa = PBXFileReference; lastKnownFileType = sourcecode.swift; path = AppStorageKey.swift; sourceTree = "<group>"; };
		367244EC2BF3E778007A5A7B /* NotificationManager.swift */ = {isa = PBXFileReference; lastKnownFileType = sourcecode.swift; path = NotificationManager.swift; sourceTree = "<group>"; };
		368C5D942BCC41990035A1AC /* HMHDeviceActivityReport.appex */ = {isa = PBXFileReference; explicitFileType = "wrapper.extensionkit-extension"; includeInIndex = 0; path = HMHDeviceActivityReport.appex; sourceTree = BUILT_PRODUCTS_DIR; };
		368C5D962BCC41990035A1AC /* HMHDeviceActivityReport.swift */ = {isa = PBXFileReference; lastKnownFileType = sourcecode.swift; path = HMHDeviceActivityReport.swift; sourceTree = "<group>"; };
		368C5D982BCC41990035A1AC /* TotalActivityReport.swift */ = {isa = PBXFileReference; lastKnownFileType = sourcecode.swift; path = TotalActivityReport.swift; sourceTree = "<group>"; };
		368C5D9A2BCC41990035A1AC /* TotalActivityView.swift */ = {isa = PBXFileReference; lastKnownFileType = sourcecode.swift; path = TotalActivityView.swift; sourceTree = "<group>"; };
		368C5D9C2BCC41990035A1AC /* Info.plist */ = {isa = PBXFileReference; lastKnownFileType = text.plist.xml; path = Info.plist; sourceTree = "<group>"; };
		368C5D9D2BCC41990035A1AC /* HMHDeviceActivityReport.entitlements */ = {isa = PBXFileReference; lastKnownFileType = text.plist.entitlements; path = HMHDeviceActivityReport.entitlements; sourceTree = "<group>"; };
		368CAA942BB9617A00FA83B3 /* DeviceActivity.framework */ = {isa = PBXFileReference; lastKnownFileType = wrapper.framework; name = DeviceActivity.framework; path = System/Library/Frameworks/DeviceActivity.framework; sourceTree = SDKROOT; };
		368CAABC2BB961D900FA83B3 /* ManagedSettings.framework */ = {isa = PBXFileReference; lastKnownFileType = wrapper.framework; name = ManagedSettings.framework; path = System/Library/Frameworks/ManagedSettings.framework; sourceTree = SDKROOT; };
		368CAADD2BB97FE000FA83B3 /* HMH_iOS.entitlements */ = {isa = PBXFileReference; lastKnownFileType = text.plist.entitlements; path = HMH_iOS.entitlements; sourceTree = "<group>"; };
		368CAADE2BB9975C00FA83B3 /* NavigationBarView.swift */ = {isa = PBXFileReference; lastKnownFileType = sourcecode.swift; path = NavigationBarView.swift; sourceTree = "<group>"; };
		368CAAE12BB9B26000FA83B3 /* CustomNavigationBarModifier.swift */ = {isa = PBXFileReference; lastKnownFileType = sourcecode.swift; path = CustomNavigationBarModifier.swift; sourceTree = "<group>"; };
		36EB6EBF2BDCC65600E8C939 /* AppActivityView.swift */ = {isa = PBXFileReference; lastKnownFileType = sourcecode.swift; path = AppActivityView.swift; sourceTree = "<group>"; };
/* End PBXFileReference section */

/* Begin PBXFrameworksBuildPhase section */
		365CD6B62B7E4C4F00245CDD /* Frameworks */ = {
			isa = PBXFrameworksBuildPhase;
			buildActionMask = 2147483647;
			files = (
				365CD6D82B7E4D0700245CDD /* Kingfisher in Frameworks */,
				0B8693912BE8B99E000D7CE1 /* KakaoSDKCommon in Frameworks */,
				365CD6D52B7E4CE900245CDD /* RxMoya in Frameworks */,
				365CD6CF2B7E4CE900245CDD /* CombineMoya in Frameworks */,
				365CD6DE2B7E4D4E00245CDD /* Then in Frameworks */,
				365CD6DB2B7E4D3600245CDD /* SnapKit in Frameworks */,
				365CD6D32B7E4CE900245CDD /* ReactiveMoya in Frameworks */,
				365CD6CC2B7E4CBE00245CDD /* Lottie in Frameworks */,
				0B8693932BE8B99E000D7CE1 /* KakaoSDKUser in Frameworks */,
				365CD6D12B7E4CE900245CDD /* Moya in Frameworks */,
				0B86938D2BE8B99E000D7CE1 /* KakaoSDK in Frameworks */,
				0B86938F2BE8B99E000D7CE1 /* KakaoSDKAuth in Frameworks */,
			);
			runOnlyForDeploymentPostprocessing = 0;
		};
		367244382BF32481007A5A7B /* Frameworks */ = {
			isa = PBXFrameworksBuildPhase;
			buildActionMask = 2147483647;
			files = (
				3672443C2BF32481007A5A7B /* DeviceActivity.framework in Frameworks */,
			);
			runOnlyForDeploymentPostprocessing = 0;
		};
		367244C72BF3C338007A5A7B /* Frameworks */ = {
			isa = PBXFrameworksBuildPhase;
			buildActionMask = 2147483647;
			files = (
				367244CB2BF3C338007A5A7B /* ManagedSettings.framework in Frameworks */,
			);
			runOnlyForDeploymentPostprocessing = 0;
		};
		367244D82BF3C660007A5A7B /* Frameworks */ = {
			isa = PBXFrameworksBuildPhase;
			buildActionMask = 2147483647;
			files = (
				367244DC2BF3C660007A5A7B /* ManagedSettings.framework in Frameworks */,
			);
			runOnlyForDeploymentPostprocessing = 0;
		};
		368C5D912BCC41990035A1AC /* Frameworks */ = {
			isa = PBXFrameworksBuildPhase;
			buildActionMask = 2147483647;
			files = (
			);
			runOnlyForDeploymentPostprocessing = 0;
		};
/* End PBXFrameworksBuildPhase section */

/* Begin PBXGroup section */
		0B5140522BE3A25900C78B9F /* Login */ = {
			isa = PBXGroup;
			children = (
				0B8693792BE727C3000D7CE1 /* Models */,
				0B8693782BE727BB000D7CE1 /* ViewModels */,
				0B8693752BE5CB36000D7CE1 /* Views */,
				0B5140532BE3A2D600C78B9F /* LoginView.swift */,
			);
			path = Login;
			sourceTree = "<group>";
		};
		0B82ECAA2BC9141D002D5CF3 /* MyPage */ = {
			isa = PBXGroup;
			children = (
				0B82ECAC2BC91507002D5CF3 /* ViewModels */,
				0B82ECAB2BC91501002D5CF3 /* Views */,
			);
			path = MyPage;
			sourceTree = "<group>";
		};
		0B82ECAB2BC91501002D5CF3 /* Views */ = {
			isa = PBXGroup;
			children = (
				0B82ECB12BC916C6002D5CF3 /* MyPageButton.swift */,
			);
			path = Views;
			sourceTree = "<group>";
		};
		0B82ECAC2BC91507002D5CF3 /* ViewModels */ = {
			isa = PBXGroup;
			children = (
				0B82ECAF2BC9152F002D5CF3 /* MyPageViewModel.swift */,
			);
			path = ViewModels;
			sourceTree = "<group>";
		};
		0B8693752BE5CB36000D7CE1 /* Views */ = {
			isa = PBXGroup;
			children = (
				0B8693762BE5CB46000D7CE1 /* SwipeView.swift */,
				0B86937E2BE87A5F000D7CE1 /* LoginButton.swift */,
			);
			path = Views;
			sourceTree = "<group>";
		};
		0B8693782BE727BB000D7CE1 /* ViewModels */ = {
			isa = PBXGroup;
			children = (
				0B86937C2BE727E5000D7CE1 /* LoginViewModel.swift */,
			);
			path = ViewModels;
			sourceTree = "<group>";
		};
		0B8693792BE727C3000D7CE1 /* Models */ = {
			isa = PBXGroup;
			children = (
				0B86937A2BE727DA000D7CE1 /* SocialLoginModel.swift */,
			);
			path = Models;
			sourceTree = "<group>";
		};
		0B9ACF2F2BA14FBA00EC0BDE /* Lottie */ = {
			isa = PBXGroup;
			children = (
				0BB2E6362BE9EC1400E13096 /* Logo_wordmark_white.json */,
				0BB2E6342BE9EC0A00E13096 /* Splash_Bg.json */,
				0B9ACF342BA14FDB00EC0BDE /* Main-A-final.json */,
				0B9ACF312BA14FDB00EC0BDE /* Main-B-final.json */,
				0B9ACF332BA14FDB00EC0BDE /* Main-C-final.json */,
				0B9ACF322BA14FDB00EC0BDE /* Main-D-final.json */,
				0B9ACF352BA14FDB00EC0BDE /* Main-E-final.json */,
				0B9ACF302BA14FDB00EC0BDE /* Main-F-final.json */,
			);
			path = Lottie;
			sourceTree = "<group>";
		};
		0BC0E5A42BB03E4F00FB0330 /* Onboarding */ = {
			isa = PBXGroup;
			children = (
				0BC0E5A72BB03EAE00FB0330 /* Models */,
				0BC0E5A62BB03E6F00FB0330 /* ViewModels */,
				0BC0E5A52BB03E6100FB0330 /* Views */,
			);
			path = Onboarding;
			sourceTree = "<group>";
		};
		0BC0E5A52BB03E6100FB0330 /* Views */ = {
			isa = PBXGroup;
			children = (
				0BC0E5AC2BB0404500FB0330 /* OnboardingContentView.swift */,
				0BC0E5AE2BB04B7100FB0330 /* SurveyView.swift */,
				0BC0E5B02BB04BA800FB0330 /* SurveyProblemView.swift */,
				0BC0E5B22BB04BC600FB0330 /* GoalPeriodView.swift */,
				0BC0E5B42BB04BD100FB0330 /* GoalTimeView.swift */,
				0BC0E5BA2BB04C0B00FB0330 /* AppGoalTimeView.swift */,
				0BC0E5BC2BB0571E00FB0330 /* NextButtonView.swift */,
				0B7646BA2BB13F6100C56D7A /* SurveyButton.swift */,
				0BF56C942BC39BE9003ECFB1 /* OnboardingCompleteView.swift */,
				0BF56C962BC3B871003ECFB1 /* StoryContentView.swift */,
			);
			path = Views;
			sourceTree = "<group>";
		};
		0BC0E5A62BB03E6F00FB0330 /* ViewModels */ = {
			isa = PBXGroup;
			children = (
				0BC0E5AA2BB03F8100FB0330 /* OnboardingViewModel.swift */,
			);
			path = ViewModels;
			sourceTree = "<group>";
		};
		0BC0E5A72BB03EAE00FB0330 /* Models */ = {
			isa = PBXGroup;
			children = (
				0BC0E5A82BB03EE400FB0330 /* OnboardingModel.swift */,
			);
			path = Models;
			sourceTree = "<group>";
		};
		0BD2D66F2B9F378E00733843 /* Fonts */ = {
			isa = PBXGroup;
			children = (
				0BD2D6702B9F385000733843 /* Pretendard-Regular.otf */,
				0BD2D6712B9F385100733843 /* Pretendard-SemiBold.otf */,
				0BD2D6742B9F386B00733843 /* Pretendard-Medium.otf */,
			);
			path = Fonts;
			sourceTree = "<group>";
		};
		360B432D2BE7BE6A006945E8 /* Views */ = {
			isa = PBXGroup;
			children = (
				0B3C296E2BA01C2800435B30 /* HomeView.swift */,
				3601C8372BC6EC5C005790F7 /* UsageTimeListItemView.swift */,
			);
			path = Views;
			sourceTree = "<group>";
		};
		360B432E2BE7BE73006945E8 /* ViewModels */ = {
			isa = PBXGroup;
			children = (
				3601C8352BC6E8FB005790F7 /* HomeViewModel.swift */,
			);
			path = ViewModels;
			sourceTree = "<group>";
		};
		365CD6B02B7E4C4F00245CDD = {
			isa = PBXGroup;
			children = (
				365CD6BB2B7E4C4F00245CDD /* HMH_iOS */,
				368C5D952BCC41990035A1AC /* HMHDeviceActivityReport */,
				3672443D2BF32481007A5A7B /* DeviceActivityMonitor */,
				367244CC2BF3C338007A5A7B /* ShieldActionConfig */,
				367244DD2BF3C660007A5A7B /* ShieldActionExtension */,
				368CAA932BB9617A00FA83B3 /* Frameworks */,
				365CD6BA2B7E4C4F00245CDD /* Products */,
			);
			sourceTree = "<group>";
		};
		365CD6BA2B7E4C4F00245CDD /* Products */ = {
			isa = PBXGroup;
			children = (
				365CD6B92B7E4C4F00245CDD /* HMH_iOS.app */,
				368C5D942BCC41990035A1AC /* HMHDeviceActivityReport.appex */,
				3672443B2BF32481007A5A7B /* DeviceActivityMonitor.appex */,
				367244CA2BF3C338007A5A7B /* ShieldActionConfig.appex */,
				367244DB2BF3C660007A5A7B /* ShieldActionExtension.appex */,
			);
			name = Products;
			sourceTree = "<group>";
		};
		365CD6BB2B7E4C4F00245CDD /* HMH_iOS */ = {
			isa = PBXGroup;
			children = (
				368CAADD2BB97FE000FA83B3 /* HMH_iOS.entitlements */,
				0BD2D6762B9F393400733843 /* HMH-iOS-Info.plist */,
				0B8693882BE8B865000D7CE1 /* Config.xcconfig */,
				3672440A2BF0845B007A5A7B /* Config.xcconfig */,
				365CD6DF2B7E4ECC00245CDD /* Global */,
				365CD6E22B7E4F4300245CDD /* Presentation */,
				365CD6E12B7E4F2D00245CDD /* Network */,
				365CD6C02B7E4C5100245CDD /* Assets.xcassets */,
				365CD6C22B7E4C5100245CDD /* Preview Content */,
			);
			path = HMH_iOS;
			sourceTree = "<group>";
		};
		365CD6C22B7E4C5100245CDD /* Preview Content */ = {
			isa = PBXGroup;
			children = (
				365CD6C32B7E4C5100245CDD /* Preview Assets.xcassets */,
			);
			path = "Preview Content";
			sourceTree = "<group>";
		};
		365CD6DF2B7E4ECC00245CDD /* Global */ = {
			isa = PBXGroup;
			children = (
				365CD6BC2B7E4C4F00245CDD /* HMH_iOSApp.swift */,
				367244EE2BF3E7AB007A5A7B /* Application */,
				365CD6E62B7E4FB700245CDD /* Extension */,
				365CD6E52B7E4F8F00245CDD /* Manager */,
				365CD6E72B7E4FD100245CDD /* Protocols */,
				365CD6E42B7E4F8300245CDD /* Resource */,
				368CAAE02BB9B23C00FA83B3 /* Struct */,
			);
			path = Global;
			sourceTree = "<group>";
		};
		365CD6E12B7E4F2D00245CDD /* Network */ = {
			isa = PBXGroup;
			children = (
				365CD6EE2B7E524300245CDD /* Service */,
				365CD6E32B7E4F7A00245CDD /* Base */,
				365CD6E92B7E501E00245CDD /* Foundation */,
				365CD6EB2B7E504000245CDD /* Router */,
				365CD6E82B7E501000245CDD /* DTO */,
			);
			path = Network;
			sourceTree = "<group>";
		};
		365CD6E22B7E4F4300245CDD /* Presentation */ = {
			isa = PBXGroup;
			children = (
				367243AC2BE93383007A5A7B /* Challenge */,
				0B5140522BE3A25900C78B9F /* Login */,
				368C5D6C2BCC1BA00035A1AC /* Home */,
				0B82ECAA2BC9141D002D5CF3 /* MyPage */,
				0BC0E5A42BB03E4F00FB0330 /* Onboarding */,
				365CD6BE2B7E4C4F00245CDD /* ContentView.swift */,
				0B3C296A2BA01BD200435B30 /* TabBarView.swift */,
				0B3C29722BA01DCE00435B30 /* CustomTabView.swift */,
				0B3C29702BA01C3000435B30 /* MyPageView.swift */,
				368CAADE2BB9975C00FA83B3 /* NavigationBarView.swift */,
				0BF56C922BC39127003ECFB1 /* PickerView.swift */,
				0B9834DB2BC8234700A1457A /* SplashView.swift */,
			);
			path = Presentation;
			sourceTree = "<group>";
		};
		365CD6E32B7E4F7A00245CDD /* Base */ = {
			isa = PBXGroup;
			children = (
				3672440C2BF0863E007A5A7B /* BaseTargetType.swift */,
				3672440E2BF08664007A5A7B /* NetworkProvider.swift */,
				367244102BF08684007A5A7B /* BaseModel.swift */,
				367244122BF086A7007A5A7B /* AuthInterceptor.swift */,
			);
			path = Base;
			sourceTree = "<group>";
		};
		365CD6E42B7E4F8300245CDD /* Resource */ = {
			isa = PBXGroup;
			children = (
				0B9ACF2F2BA14FBA00EC0BDE /* Lottie */,
				0BD2D66F2B9F378E00733843 /* Fonts */,
				0BD2D6772B9F39EF00733843 /* Font.swift */,
				0BD2D67B2B9F5A7B00733843 /* String.swift */,
			);
			path = Resource;
			sourceTree = "<group>";
		};
		365CD6E52B7E4F8F00245CDD /* Manager */ = {
			isa = PBXGroup;
			children = (
				367244E82BF3D770007A5A7B /* AppStorageKey.swift */,
				367244EC2BF3E778007A5A7B /* NotificationManager.swift */,
			);
			path = Manager;
			sourceTree = "<group>";
		};
		365CD6E62B7E4FB700245CDD /* Extension */ = {
			isa = PBXGroup;
			children = (
			);
			path = Extension;
			sourceTree = "<group>";
		};
		365CD6E72B7E4FD100245CDD /* Protocols */ = {
			isa = PBXGroup;
			children = (
			);
			path = Protocols;
			sourceTree = "<group>";
		};
		365CD6E82B7E501000245CDD /* DTO */ = {
			isa = PBXGroup;
			children = (
				367243D82BEDEAC9007A5A7B /* Auth */,
				367243D92BEDEAD2007A5A7B /* Challenge */,
				367243FF2BEDEBC6007A5A7B /* MyPage */,
			);
			path = DTO;
			sourceTree = "<group>";
		};
		365CD6E92B7E501E00245CDD /* Foundation */ = {
			isa = PBXGroup;
			children = (
				367243CF2BEDE9F6007A5A7B /* APIConstants.swift */,
				367243CB2BEDE9F5007A5A7B /* Config.swift */,
				367243D02BEDE9F6007A5A7B /* MoyaLoggerPlugin.swift */,
				367243CA2BEDE9F5007A5A7B /* NetworkHelper.swift */,
				367243CD2BEDE9F5007A5A7B /* NetworkResult.swift */,
				367243CC2BEDE9F5007A5A7B /* ResponseData.swift */,
			);
			path = Foundation;
			sourceTree = "<group>";
		};
		365CD6EB2B7E504000245CDD /* Router */ = {
			isa = PBXGroup;
			children = (
				367244022BEDEC4A007A5A7B /* AuthRouter.swift */,
				367244032BEDEC4A007A5A7B /* ChallengeRouter.swift */,
				367244042BEDEC4A007A5A7B /* MyPageRouter.swift */,
			);
			path = Router;
			sourceTree = "<group>";
		};
		365CD6EE2B7E524300245CDD /* Service */ = {
			isa = PBXGroup;
			children = (
				367244082BEDEC7F007A5A7B /* Providers.swift */,
			);
			path = Service;
			sourceTree = "<group>";
		};
		367243AC2BE93383007A5A7B /* Challenge */ = {
			isa = PBXGroup;
			children = (
				367243AE2BE9339A007A5A7B /* ViewModels */,
				367243AD2BE93390007A5A7B /* Views */,
			);
			path = Challenge;
			sourceTree = "<group>";
		};
		367243AD2BE93390007A5A7B /* Views */ = {
			isa = PBXGroup;
			children = (
				0B3C296C2BA01C2000435B30 /* ChallengeView.swift */,
				367244142BF0956B007A5A7B /* PointView.swift */,
			);
			path = Views;
			sourceTree = "<group>";
		};
		367243AE2BE9339A007A5A7B /* ViewModels */ = {
			isa = PBXGroup;
			children = (
				367243B12BE9ABCC007A5A7B /* ChallengeViewModel.swift */,
				367243B52BED3830007A5A7B /* ScreenTimeViewModel.swift */,
				367244162BF095AF007A5A7B /* PointViewModel.swift */,
			);
			path = ViewModels;
			sourceTree = "<group>";
		};
		367243D82BEDEAC9007A5A7B /* Auth */ = {
			isa = PBXGroup;
			children = (
				367243E02BEDEAF8007A5A7B /* RefreshTokenResponseDTO.swift */,
				367243DF2BEDEAF8007A5A7B /* SignUpRequestDTO.swift */,
				367243DD2BEDEAF7007A5A7B /* SignUpResponseDTO.swift */,
				367243DB2BEDEAF7007A5A7B /* SocialLoginRequestDTO.swift */,
				367243DC2BEDEAF7007A5A7B /* SocialLoginResponseDTO.swift */,
			);
			path = Auth;
			sourceTree = "<group>";
		};
		367243D92BEDEAD2007A5A7B /* Challenge */ = {
			isa = PBXGroup;
			children = (
				367243EA2BEDEB31007A5A7B /* AddAppRequestDTO.swift */,
				367243E92BEDEB30007A5A7B /* AddAppResponseDTO.swift */,
				367243F02BEDEB31007A5A7B /* CreateChallengeRequestDTO.swift */,
				367243EC2BEDEB31007A5A7B /* CreateChallengeResponseDTO.swift */,
				367243EB2BEDEB31007A5A7B /* DeleteAppRequestDTO.swift */,
				367243F22BEDEB32007A5A7B /* EmptyResponseDTO.swift */,
				367243ED2BEDEB31007A5A7B /* GetChallengeResponseDTO.swift */,
				367243EF2BEDEB31007A5A7B /* GetHomeChallengeResponseDTO.swift */,
				367243F12BEDEB31007A5A7B /* HomeChallengeResponseDTO.swift */,
				367243F32BEDEB32007A5A7B /* MidnightRequestDTO.swift */,
			);
			path = Challenge;
			sourceTree = "<group>";
		};
		367243FF2BEDEBC6007A5A7B /* MyPage */ = {
			isa = PBXGroup;
			children = (
				367244002BEDEBD8007A5A7B /* GetUserDataResponseDTO.swift */,
			);
			path = MyPage;
			sourceTree = "<group>";
		};
		3672443D2BF32481007A5A7B /* DeviceActivityMonitor */ = {
			isa = PBXGroup;
			children = (
				3672443E2BF32481007A5A7B /* DeviceActivityMonitorExtension.swift */,
				367244402BF32481007A5A7B /* Info.plist */,
				367244412BF32481007A5A7B /* DeviceActivityMonitor.entitlements */,
			);
			path = DeviceActivityMonitor;
			sourceTree = "<group>";
		};
		367244CC2BF3C338007A5A7B /* ShieldActionConfig */ = {
			isa = PBXGroup;
			children = (
				367244CD2BF3C338007A5A7B /* ShieldActionExtension.swift */,
				367244CF2BF3C338007A5A7B /* Info.plist */,
				367244D02BF3C338007A5A7B /* ShieldActionConfig.entitlements */,
			);
			path = ShieldActionConfig;
			sourceTree = "<group>";
		};
		367244DD2BF3C660007A5A7B /* ShieldActionExtension */ = {
			isa = PBXGroup;
			children = (
				367244DE2BF3C660007A5A7B /* ShieldActionExtension.swift */,
				367244E02BF3C660007A5A7B /* Info.plist */,
				367244E12BF3C660007A5A7B /* ShieldActionExtension.entitlements */,
			);
			path = ShieldActionExtension;
			sourceTree = "<group>";
		};
		367244EE2BF3E7AB007A5A7B /* Application */ = {
			isa = PBXGroup;
			children = (
			);
			path = Application;
			sourceTree = "<group>";
		};
		368C5D6C2BCC1BA00035A1AC /* Home */ = {
			isa = PBXGroup;
			children = (
				360B432E2BE7BE73006945E8 /* ViewModels */,
				360B432D2BE7BE6A006945E8 /* Views */,
			);
			path = Home;
			sourceTree = "<group>";
		};
		368C5D952BCC41990035A1AC /* HMHDeviceActivityReport */ = {
			isa = PBXGroup;
			children = (
				368C5D962BCC41990035A1AC /* HMHDeviceActivityReport.swift */,
				367244182BF102A6007A5A7B /* ActivityModel.swift */,
				3672441B2BF13048007A5A7B /* AppActivityReport.swift */,
				36EB6EBF2BDCC65600E8C939 /* AppActivityView.swift */,
				367244222BF274C0007A5A7B /* ChallengeActivityView.swift */,
				368C5D982BCC41990035A1AC /* TotalActivityReport.swift */,
				368C5D9A2BCC41990035A1AC /* TotalActivityView.swift */,
				368C5D9C2BCC41990035A1AC /* Info.plist */,
				368C5D9D2BCC41990035A1AC /* HMHDeviceActivityReport.entitlements */,
			);
			path = HMHDeviceActivityReport;
			sourceTree = "<group>";
		};
		368CAA932BB9617A00FA83B3 /* Frameworks */ = {
			isa = PBXGroup;
			children = (
				368CAA942BB9617A00FA83B3 /* DeviceActivity.framework */,
				368CAABC2BB961D900FA83B3 /* ManagedSettings.framework */,
				3672442A2BF31D5F007A5A7B /* ManagedSettingsUI.framework */,
			);
			name = Frameworks;
			sourceTree = "<group>";
		};
		368CAAE02BB9B23C00FA83B3 /* Struct */ = {
			isa = PBXGroup;
			children = (
				368CAAE12BB9B26000FA83B3 /* CustomNavigationBarModifier.swift */,
			);
			path = Struct;
			sourceTree = "<group>";
		};
/* End PBXGroup section */

/* Begin PBXNativeTarget section */
		365CD6B82B7E4C4F00245CDD /* HMH_iOS */ = {
			isa = PBXNativeTarget;
			buildConfigurationList = 365CD6C72B7E4C5100245CDD /* Build configuration list for PBXNativeTarget "HMH_iOS" */;
			buildPhases = (
				365CD6B52B7E4C4F00245CDD /* Sources */,
				365CD6B62B7E4C4F00245CDD /* Frameworks */,
				365CD6B72B7E4C4F00245CDD /* Resources */,
				368CAA9E2BB9617A00FA83B3 /* Embed Foundation Extensions */,
				368CAAB62BB9618600FA83B3 /* Embed ExtensionKit Extensions */,
			);
			buildRules = (
			);
			dependencies = (
				368C5D9F2BCC41990035A1AC /* PBXTargetDependency */,
				367244432BF32481007A5A7B /* PBXTargetDependency */,
				367244D22BF3C339007A5A7B /* PBXTargetDependency */,
				367244E32BF3C660007A5A7B /* PBXTargetDependency */,
			);
			name = HMH_iOS;
			packageProductDependencies = (
				365CD6CB2B7E4CBE00245CDD /* Lottie */,
				365CD6CE2B7E4CE900245CDD /* CombineMoya */,
				365CD6D02B7E4CE900245CDD /* Moya */,
				365CD6D22B7E4CE900245CDD /* ReactiveMoya */,
				365CD6D42B7E4CE900245CDD /* RxMoya */,
				365CD6D72B7E4D0700245CDD /* Kingfisher */,
				365CD6DA2B7E4D3600245CDD /* SnapKit */,
				365CD6DD2B7E4D4E00245CDD /* Then */,
				0B86938C2BE8B99E000D7CE1 /* KakaoSDK */,
				0B86938E2BE8B99E000D7CE1 /* KakaoSDKAuth */,
				0B8693902BE8B99E000D7CE1 /* KakaoSDKCommon */,
				0B8693922BE8B99E000D7CE1 /* KakaoSDKUser */,
			);
			productName = HMH_iOS;
			productReference = 365CD6B92B7E4C4F00245CDD /* HMH_iOS.app */;
			productType = "com.apple.product-type.application";
		};
		3672443A2BF32481007A5A7B /* DeviceActivityMonitor */ = {
			isa = PBXNativeTarget;
			buildConfigurationList = 367244452BF32481007A5A7B /* Build configuration list for PBXNativeTarget "DeviceActivityMonitor" */;
			buildPhases = (
				367244372BF32481007A5A7B /* Sources */,
				367244382BF32481007A5A7B /* Frameworks */,
				367244392BF32481007A5A7B /* Resources */,
			);
			buildRules = (
			);
			dependencies = (
			);
			name = DeviceActivityMonitor;
			productName = DeviceActivityMonitor;
			productReference = 3672443B2BF32481007A5A7B /* DeviceActivityMonitor.appex */;
			productType = "com.apple.product-type.app-extension";
		};
		367244C92BF3C338007A5A7B /* ShieldActionConfig */ = {
			isa = PBXNativeTarget;
			buildConfigurationList = 367244D42BF3C339007A5A7B /* Build configuration list for PBXNativeTarget "ShieldActionConfig" */;
			buildPhases = (
				367244C62BF3C338007A5A7B /* Sources */,
				367244C72BF3C338007A5A7B /* Frameworks */,
				367244C82BF3C338007A5A7B /* Resources */,
			);
			buildRules = (
			);
			dependencies = (
			);
			name = ShieldActionConfig;
			productName = ShieldActionConfig;
			productReference = 367244CA2BF3C338007A5A7B /* ShieldActionConfig.appex */;
			productType = "com.apple.product-type.app-extension";
		};
		367244DA2BF3C660007A5A7B /* ShieldActionExtension */ = {
			isa = PBXNativeTarget;
			buildConfigurationList = 367244E52BF3C660007A5A7B /* Build configuration list for PBXNativeTarget "ShieldActionExtension" */;
			buildPhases = (
				367244D72BF3C660007A5A7B /* Sources */,
				367244D82BF3C660007A5A7B /* Frameworks */,
				367244D92BF3C660007A5A7B /* Resources */,
			);
			buildRules = (
			);
			dependencies = (
			);
			name = ShieldActionExtension;
			productName = ShieldActionExtension;
			productReference = 367244DB2BF3C660007A5A7B /* ShieldActionExtension.appex */;
			productType = "com.apple.product-type.app-extension";
		};
		368C5D932BCC41990035A1AC /* HMHDeviceActivityReport */ = {
			isa = PBXNativeTarget;
			buildConfigurationList = 368C5DA12BCC41990035A1AC /* Build configuration list for PBXNativeTarget "HMHDeviceActivityReport" */;
			buildPhases = (
				368C5D902BCC41990035A1AC /* Sources */,
				368C5D912BCC41990035A1AC /* Frameworks */,
				368C5D922BCC41990035A1AC /* Resources */,
			);
			buildRules = (
			);
			dependencies = (
			);
			name = HMHDeviceActivityReport;
			productName = HMHDeviceActivityReport;
			productReference = 368C5D942BCC41990035A1AC /* HMHDeviceActivityReport.appex */;
			productType = "com.apple.product-type.extensionkit-extension";
		};
/* End PBXNativeTarget section */

/* Begin PBXProject section */
		365CD6B12B7E4C4F00245CDD /* Project object */ = {
			isa = PBXProject;
			attributes = {
				BuildIndependentTargetsInParallel = 1;
				LastSwiftUpdateCheck = 1530;
				LastUpgradeCheck = 1520;
				TargetAttributes = {
					365CD6B82B7E4C4F00245CDD = {
						CreatedOnToolsVersion = 15.2;
					};
					3672443A2BF32481007A5A7B = {
						CreatedOnToolsVersion = 15.3;
					};
					367244C92BF3C338007A5A7B = {
						CreatedOnToolsVersion = 15.3;
					};
					367244DA2BF3C660007A5A7B = {
						CreatedOnToolsVersion = 15.3;
					};
					368C5D932BCC41990035A1AC = {
						CreatedOnToolsVersion = 15.3;
					};
				};
			};
			buildConfigurationList = 365CD6B42B7E4C4F00245CDD /* Build configuration list for PBXProject "HMH_iOS" */;
			compatibilityVersion = "Xcode 14.0";
			developmentRegion = en;
			hasScannedForEncodings = 0;
			knownRegions = (
				en,
				Base,
			);
			mainGroup = 365CD6B02B7E4C4F00245CDD;
			packageReferences = (
				365CD6CA2B7E4CBE00245CDD /* XCRemoteSwiftPackageReference "lottie-spm" */,
				365CD6CD2B7E4CE900245CDD /* XCRemoteSwiftPackageReference "Moya" */,
				365CD6D62B7E4D0700245CDD /* XCRemoteSwiftPackageReference "Kingfisher" */,
				365CD6D92B7E4D3600245CDD /* XCRemoteSwiftPackageReference "SnapKit" */,
				365CD6DC2B7E4D4E00245CDD /* XCRemoteSwiftPackageReference "Then" */,
				0B86938B2BE8B99E000D7CE1 /* XCRemoteSwiftPackageReference "kakao-ios-sdk" */,
			);
			productRefGroup = 365CD6BA2B7E4C4F00245CDD /* Products */;
			projectDirPath = "";
			projectRoot = "";
			targets = (
				365CD6B82B7E4C4F00245CDD /* HMH_iOS */,
				368C5D932BCC41990035A1AC /* HMHDeviceActivityReport */,
				367244C92BF3C338007A5A7B /* ShieldActionConfig */,
				367244DA2BF3C660007A5A7B /* ShieldActionExtension */,
				3672443A2BF32481007A5A7B /* DeviceActivityMonitor */,
			);
		};
/* End PBXProject section */

/* Begin PBXResourcesBuildPhase section */
		365CD6B72B7E4C4F00245CDD /* Resources */ = {
			isa = PBXResourcesBuildPhase;
			buildActionMask = 2147483647;
			files = (
				0B9ACF362BA14FDB00EC0BDE /* Main-F-final.json in Resources */,
				365CD6C42B7E4C5100245CDD /* Preview Assets.xcassets in Resources */,
				0BD2D6752B9F386B00733843 /* Pretendard-Medium.otf in Resources */,
				0B9ACF3A2BA14FDB00EC0BDE /* Main-A-final.json in Resources */,
				0BD2D6722B9F385100733843 /* Pretendard-Regular.otf in Resources */,
				0BB2E6352BE9EC0B00E13096 /* Splash_Bg.json in Resources */,
				0B9ACF392BA14FDB00EC0BDE /* Main-C-final.json in Resources */,
				0B9ACF372BA14FDB00EC0BDE /* Main-B-final.json in Resources */,
				0B9ACF3B2BA14FDB00EC0BDE /* Main-E-final.json in Resources */,
				365CD6C12B7E4C5100245CDD /* Assets.xcassets in Resources */,
				0BB2E6372BE9EC1400E13096 /* Logo_wordmark_white.json in Resources */,
				0B9ACF382BA14FDB00EC0BDE /* Main-D-final.json in Resources */,
				3672440B2BF0845B007A5A7B /* Config.xcconfig in Resources */,
				0BD2D6732B9F385100733843 /* Pretendard-SemiBold.otf in Resources */,
			);
			runOnlyForDeploymentPostprocessing = 0;
		};
		367244392BF32481007A5A7B /* Resources */ = {
			isa = PBXResourcesBuildPhase;
			buildActionMask = 2147483647;
			files = (
			);
			runOnlyForDeploymentPostprocessing = 0;
		};
		367244C82BF3C338007A5A7B /* Resources */ = {
			isa = PBXResourcesBuildPhase;
			buildActionMask = 2147483647;
			files = (
			);
			runOnlyForDeploymentPostprocessing = 0;
		};
		367244D92BF3C660007A5A7B /* Resources */ = {
			isa = PBXResourcesBuildPhase;
			buildActionMask = 2147483647;
			files = (
			);
			runOnlyForDeploymentPostprocessing = 0;
		};
		368C5D922BCC41990035A1AC /* Resources */ = {
			isa = PBXResourcesBuildPhase;
			buildActionMask = 2147483647;
			files = (
				361C61EE2BD6BA6C00EF0D8B /* Pretendard-SemiBold.otf in Resources */,
				361C61EC2BD6B8CC00EF0D8B /* Assets.xcassets in Resources */,
				361C61ED2BD6BA6900EF0D8B /* Pretendard-Regular.otf in Resources */,
				361C61EF2BD6BA6E00EF0D8B /* Pretendard-Medium.otf in Resources */,
				361C61F12BD6BAA000EF0D8B /* HMH-iOS-Info.plist in Resources */,
			);
			runOnlyForDeploymentPostprocessing = 0;
		};
/* End PBXResourcesBuildPhase section */

/* Begin PBXSourcesBuildPhase section */
		365CD6B52B7E4C4F00245CDD /* Sources */ = {
			isa = PBXSourcesBuildPhase;
			buildActionMask = 2147483647;
			files = (
				0BF56C972BC3B871003ECFB1 /* StoryContentView.swift in Sources */,
				0B3C296D2BA01C2000435B30 /* ChallengeView.swift in Sources */,
				367243B22BE9ABCC007A5A7B /* ChallengeViewModel.swift in Sources */,
				3601C8362BC6E8FB005790F7 /* HomeViewModel.swift in Sources */,
				367243B62BED3830007A5A7B /* ScreenTimeViewModel.swift in Sources */,
				367243FC2BEDEB32007A5A7B /* HomeChallengeResponseDTO.swift in Sources */,
				365CD6BF2B7E4C4F00245CDD /* ContentView.swift in Sources */,
				0B82ECB22BC916C6002D5CF3 /* MyPageButton.swift in Sources */,
				368CAAE22BB9B26000FA83B3 /* CustomNavigationBarModifier.swift in Sources */,
				367243D42BEDE9F6007A5A7B /* NetworkResult.swift in Sources */,
				367243D32BEDE9F6007A5A7B /* ResponseData.swift in Sources */,
				367244132BF086A7007A5A7B /* AuthInterceptor.swift in Sources */,
				367243F62BEDEB32007A5A7B /* DeleteAppRequestDTO.swift in Sources */,
				368CAADF2BB9975C00FA83B3 /* NavigationBarView.swift in Sources */,
				0B3C296B2BA01BD200435B30 /* TabBarView.swift in Sources */,
				367243F42BEDEB32007A5A7B /* AddAppResponseDTO.swift in Sources */,
				367243F72BEDEB32007A5A7B /* CreateChallengeResponseDTO.swift in Sources */,
				367244052BEDEC4A007A5A7B /* AuthRouter.swift in Sources */,
				0BF56C952BC39BE9003ECFB1 /* OnboardingCompleteView.swift in Sources */,
				0B3C296F2BA01C2800435B30 /* HomeView.swift in Sources */,
				0B5140542BE3A2D600C78B9F /* LoginView.swift in Sources */,
				0BC0E5B32BB04BC600FB0330 /* GoalPeriodView.swift in Sources */,
				0B86937D2BE727E5000D7CE1 /* LoginViewModel.swift in Sources */,
				0B86937F2BE87A5F000D7CE1 /* LoginButton.swift in Sources */,
				367243E22BEDEAF8007A5A7B /* SocialLoginRequestDTO.swift in Sources */,
				367244012BEDEBD8007A5A7B /* GetUserDataResponseDTO.swift in Sources */,
				0BC0E5AF2BB04B7100FB0330 /* SurveyView.swift in Sources */,
				365CD6BD2B7E4C4F00245CDD /* HMH_iOSApp.swift in Sources */,
				367244062BEDEC4A007A5A7B /* ChallengeRouter.swift in Sources */,
				0BD2D67C2B9F5A7B00733843 /* String.swift in Sources */,
				367244112BF08684007A5A7B /* BaseModel.swift in Sources */,
				0BC0E5BD2BB0571E00FB0330 /* NextButtonView.swift in Sources */,
				367244ED2BF3E778007A5A7B /* NotificationManager.swift in Sources */,
				367244152BF0956B007A5A7B /* PointView.swift in Sources */,
				0BC0E5A92BB03EE400FB0330 /* OnboardingModel.swift in Sources */,
				0B8693772BE5CB46000D7CE1 /* SwipeView.swift in Sources */,
				0B86937B2BE727DA000D7CE1 /* SocialLoginModel.swift in Sources */,
				0BD2D6782B9F39EF00733843 /* Font.swift in Sources */,
				367244172BF095AF007A5A7B /* PointViewModel.swift in Sources */,
				0B7646BB2BB13F6100C56D7A /* SurveyButton.swift in Sources */,
				0BC0E5B52BB04BD100FB0330 /* GoalTimeView.swift in Sources */,
				0BC0E5AB2BB03F8100FB0330 /* OnboardingViewModel.swift in Sources */,
				3672440F2BF08664007A5A7B /* NetworkProvider.swift in Sources */,
				367243F52BEDEB32007A5A7B /* AddAppRequestDTO.swift in Sources */,
				3672440D2BF0863E007A5A7B /* BaseTargetType.swift in Sources */,
				0B82ECB02BC9152F002D5CF3 /* MyPageViewModel.swift in Sources */,
				0BF56C932BC39127003ECFB1 /* PickerView.swift in Sources */,
				367243D12BEDE9F6007A5A7B /* NetworkHelper.swift in Sources */,
				367243FD2BEDEB32007A5A7B /* EmptyResponseDTO.swift in Sources */,
				367244E92BF3D770007A5A7B /* AppStorageKey.swift in Sources */,
				367243FB2BEDEB32007A5A7B /* CreateChallengeRequestDTO.swift in Sources */,
				367243F82BEDEB32007A5A7B /* GetChallengeResponseDTO.swift in Sources */,
				0B9834DC2BC8234700A1457A /* SplashView.swift in Sources */,
				367243E32BEDEAF8007A5A7B /* SocialLoginResponseDTO.swift in Sources */,
				3601C8382BC6EC5C005790F7 /* UsageTimeListItemView.swift in Sources */,
				367243FA2BEDEB32007A5A7B /* GetHomeChallengeResponseDTO.swift in Sources */,
				367244072BEDEC4A007A5A7B /* MyPageRouter.swift in Sources */,
				0BC0E5B12BB04BA800FB0330 /* SurveyProblemView.swift in Sources */,
				367243D72BEDE9F6007A5A7B /* MoyaLoggerPlugin.swift in Sources */,
				367243E62BEDEAF8007A5A7B /* SignUpRequestDTO.swift in Sources */,
				367244092BEDEC7F007A5A7B /* Providers.swift in Sources */,
				367243D22BEDE9F6007A5A7B /* Config.swift in Sources */,
				367243D62BEDE9F6007A5A7B /* APIConstants.swift in Sources */,
				0B3C29712BA01C3000435B30 /* MyPageView.swift in Sources */,
				0B3C29732BA01DCE00435B30 /* CustomTabView.swift in Sources */,
				367243FE2BEDEB32007A5A7B /* MidnightRequestDTO.swift in Sources */,
				0BC0E5AD2BB0404500FB0330 /* OnboardingContentView.swift in Sources */,
				0BC0E5BB2BB04C0B00FB0330 /* AppGoalTimeView.swift in Sources */,
				367243E72BEDEAF8007A5A7B /* RefreshTokenResponseDTO.swift in Sources */,
				367243E42BEDEAF8007A5A7B /* SignUpResponseDTO.swift in Sources */,
			);
			runOnlyForDeploymentPostprocessing = 0;
		};
		367244372BF32481007A5A7B /* Sources */ = {
			isa = PBXSourcesBuildPhase;
			buildActionMask = 2147483647;
			files = (
				3672443F2BF32481007A5A7B /* DeviceActivityMonitorExtension.swift in Sources */,
				367244EB2BF3DAC9007A5A7B /* ScreenTimeViewModel.swift in Sources */,
				367244EA2BF3D9E1007A5A7B /* AppStorageKey.swift in Sources */,
			);
			runOnlyForDeploymentPostprocessing = 0;
		};
		367244C62BF3C338007A5A7B /* Sources */ = {
			isa = PBXSourcesBuildPhase;
			buildActionMask = 2147483647;
			files = (
				367244CE2BF3C338007A5A7B /* ShieldActionExtension.swift in Sources */,
			);
			runOnlyForDeploymentPostprocessing = 0;
		};
		367244D72BF3C660007A5A7B /* Sources */ = {
			isa = PBXSourcesBuildPhase;
			buildActionMask = 2147483647;
			files = (
				367244DF2BF3C660007A5A7B /* ShieldActionExtension.swift in Sources */,
			);
			runOnlyForDeploymentPostprocessing = 0;
		};
		368C5D902BCC41990035A1AC /* Sources */ = {
			isa = PBXSourcesBuildPhase;
			buildActionMask = 2147483647;
			files = (
				361C61EA2BD6B7F200EF0D8B /* Font.swift in Sources */,
				367244232BF274C0007A5A7B /* ChallengeActivityView.swift in Sources */,
				368C5D9B2BCC41990035A1AC /* TotalActivityView.swift in Sources */,
				3672441C2BF13048007A5A7B /* AppActivityReport.swift in Sources */,
				367244192BF102A6007A5A7B /* ActivityModel.swift in Sources */,
				36EB6EC02BDCC65600E8C939 /* AppActivityView.swift in Sources */,
				368C5D972BCC41990035A1AC /* HMHDeviceActivityReport.swift in Sources */,
				368C5D992BCC41990035A1AC /* TotalActivityReport.swift in Sources */,
			);
			runOnlyForDeploymentPostprocessing = 0;
		};
/* End PBXSourcesBuildPhase section */

/* Begin PBXTargetDependency section */
		367244432BF32481007A5A7B /* PBXTargetDependency */ = {
			isa = PBXTargetDependency;
			target = 3672443A2BF32481007A5A7B /* DeviceActivityMonitor */;
			targetProxy = 367244422BF32481007A5A7B /* PBXContainerItemProxy */;
		};
		367244D22BF3C339007A5A7B /* PBXTargetDependency */ = {
			isa = PBXTargetDependency;
			target = 367244C92BF3C338007A5A7B /* ShieldActionConfig */;
			targetProxy = 367244D12BF3C339007A5A7B /* PBXContainerItemProxy */;
		};
		367244E32BF3C660007A5A7B /* PBXTargetDependency */ = {
			isa = PBXTargetDependency;
			target = 367244DA2BF3C660007A5A7B /* ShieldActionExtension */;
			targetProxy = 367244E22BF3C660007A5A7B /* PBXContainerItemProxy */;
		};
		368C5D9F2BCC41990035A1AC /* PBXTargetDependency */ = {
			isa = PBXTargetDependency;
			target = 368C5D932BCC41990035A1AC /* HMHDeviceActivityReport */;
			targetProxy = 368C5D9E2BCC41990035A1AC /* PBXContainerItemProxy */;
		};
/* End PBXTargetDependency section */

/* Begin XCBuildConfiguration section */
		365CD6C52B7E4C5100245CDD /* Debug */ = {
			isa = XCBuildConfiguration;
			baseConfigurationReference = 0B8693882BE8B865000D7CE1 /* Config.xcconfig */;
			buildSettings = {
				ALWAYS_SEARCH_USER_PATHS = NO;
				ASSETCATALOG_COMPILER_GENERATE_SWIFT_ASSET_SYMBOL_EXTENSIONS = YES;
				CLANG_ANALYZER_NONNULL = YES;
				CLANG_ANALYZER_NUMBER_OBJECT_CONVERSION = YES_AGGRESSIVE;
				CLANG_CXX_LANGUAGE_STANDARD = "gnu++20";
				CLANG_ENABLE_MODULES = YES;
				CLANG_ENABLE_OBJC_ARC = YES;
				CLANG_ENABLE_OBJC_WEAK = YES;
				CLANG_WARN_BLOCK_CAPTURE_AUTORELEASING = YES;
				CLANG_WARN_BOOL_CONVERSION = YES;
				CLANG_WARN_COMMA = YES;
				CLANG_WARN_CONSTANT_CONVERSION = YES;
				CLANG_WARN_DEPRECATED_OBJC_IMPLEMENTATIONS = YES;
				CLANG_WARN_DIRECT_OBJC_ISA_USAGE = YES_ERROR;
				CLANG_WARN_DOCUMENTATION_COMMENTS = YES;
				CLANG_WARN_EMPTY_BODY = YES;
				CLANG_WARN_ENUM_CONVERSION = YES;
				CLANG_WARN_INFINITE_RECURSION = YES;
				CLANG_WARN_INT_CONVERSION = YES;
				CLANG_WARN_NON_LITERAL_NULL_CONVERSION = YES;
				CLANG_WARN_OBJC_IMPLICIT_RETAIN_SELF = YES;
				CLANG_WARN_OBJC_LITERAL_CONVERSION = YES;
				CLANG_WARN_OBJC_ROOT_CLASS = YES_ERROR;
				CLANG_WARN_QUOTED_INCLUDE_IN_FRAMEWORK_HEADER = YES;
				CLANG_WARN_RANGE_LOOP_ANALYSIS = YES;
				CLANG_WARN_STRICT_PROTOTYPES = YES;
				CLANG_WARN_SUSPICIOUS_MOVE = YES;
				CLANG_WARN_UNGUARDED_AVAILABILITY = YES_AGGRESSIVE;
				CLANG_WARN_UNREACHABLE_CODE = YES;
				CLANG_WARN__DUPLICATE_METHOD_MATCH = YES;
				COPY_PHASE_STRIP = NO;
				DEBUG_INFORMATION_FORMAT = dwarf;
				ENABLE_STRICT_OBJC_MSGSEND = YES;
				ENABLE_TESTABILITY = YES;
				ENABLE_USER_SCRIPT_SANDBOXING = YES;
				GCC_C_LANGUAGE_STANDARD = gnu17;
				GCC_DYNAMIC_NO_PIC = NO;
				GCC_NO_COMMON_BLOCKS = YES;
				GCC_OPTIMIZATION_LEVEL = 0;
				GCC_PREPROCESSOR_DEFINITIONS = (
					"DEBUG=1",
					"$(inherited)",
				);
				GCC_WARN_64_TO_32_BIT_CONVERSION = YES;
				GCC_WARN_ABOUT_RETURN_TYPE = YES_ERROR;
				GCC_WARN_UNDECLARED_SELECTOR = YES;
				GCC_WARN_UNINITIALIZED_AUTOS = YES_AGGRESSIVE;
				GCC_WARN_UNUSED_FUNCTION = YES;
				GCC_WARN_UNUSED_VARIABLE = YES;
				IPHONEOS_DEPLOYMENT_TARGET = 16.0;
				LOCALIZATION_PREFERS_STRING_CATALOGS = YES;
				MTL_ENABLE_DEBUG_INFO = INCLUDE_SOURCE;
				MTL_FAST_MATH = YES;
				ONLY_ACTIVE_ARCH = YES;
				SDKROOT = iphoneos;
				SWIFT_ACTIVE_COMPILATION_CONDITIONS = "DEBUG $(inherited)";
				SWIFT_OPTIMIZATION_LEVEL = "-Onone";
			};
			name = Debug;
		};
		365CD6C62B7E4C5100245CDD /* Release */ = {
			isa = XCBuildConfiguration;
			baseConfigurationReference = 0B8693882BE8B865000D7CE1 /* Config.xcconfig */;
			buildSettings = {
				ALWAYS_SEARCH_USER_PATHS = NO;
				ASSETCATALOG_COMPILER_GENERATE_SWIFT_ASSET_SYMBOL_EXTENSIONS = YES;
				CLANG_ANALYZER_NONNULL = YES;
				CLANG_ANALYZER_NUMBER_OBJECT_CONVERSION = YES_AGGRESSIVE;
				CLANG_CXX_LANGUAGE_STANDARD = "gnu++20";
				CLANG_ENABLE_MODULES = YES;
				CLANG_ENABLE_OBJC_ARC = YES;
				CLANG_ENABLE_OBJC_WEAK = YES;
				CLANG_WARN_BLOCK_CAPTURE_AUTORELEASING = YES;
				CLANG_WARN_BOOL_CONVERSION = YES;
				CLANG_WARN_COMMA = YES;
				CLANG_WARN_CONSTANT_CONVERSION = YES;
				CLANG_WARN_DEPRECATED_OBJC_IMPLEMENTATIONS = YES;
				CLANG_WARN_DIRECT_OBJC_ISA_USAGE = YES_ERROR;
				CLANG_WARN_DOCUMENTATION_COMMENTS = YES;
				CLANG_WARN_EMPTY_BODY = YES;
				CLANG_WARN_ENUM_CONVERSION = YES;
				CLANG_WARN_INFINITE_RECURSION = YES;
				CLANG_WARN_INT_CONVERSION = YES;
				CLANG_WARN_NON_LITERAL_NULL_CONVERSION = YES;
				CLANG_WARN_OBJC_IMPLICIT_RETAIN_SELF = YES;
				CLANG_WARN_OBJC_LITERAL_CONVERSION = YES;
				CLANG_WARN_OBJC_ROOT_CLASS = YES_ERROR;
				CLANG_WARN_QUOTED_INCLUDE_IN_FRAMEWORK_HEADER = YES;
				CLANG_WARN_RANGE_LOOP_ANALYSIS = YES;
				CLANG_WARN_STRICT_PROTOTYPES = YES;
				CLANG_WARN_SUSPICIOUS_MOVE = YES;
				CLANG_WARN_UNGUARDED_AVAILABILITY = YES_AGGRESSIVE;
				CLANG_WARN_UNREACHABLE_CODE = YES;
				CLANG_WARN__DUPLICATE_METHOD_MATCH = YES;
				COPY_PHASE_STRIP = NO;
				DEBUG_INFORMATION_FORMAT = "dwarf-with-dsym";
				ENABLE_NS_ASSERTIONS = NO;
				ENABLE_STRICT_OBJC_MSGSEND = YES;
				ENABLE_USER_SCRIPT_SANDBOXING = YES;
				GCC_C_LANGUAGE_STANDARD = gnu17;
				GCC_NO_COMMON_BLOCKS = YES;
				GCC_WARN_64_TO_32_BIT_CONVERSION = YES;
				GCC_WARN_ABOUT_RETURN_TYPE = YES_ERROR;
				GCC_WARN_UNDECLARED_SELECTOR = YES;
				GCC_WARN_UNINITIALIZED_AUTOS = YES_AGGRESSIVE;
				GCC_WARN_UNUSED_FUNCTION = YES;
				GCC_WARN_UNUSED_VARIABLE = YES;
				IPHONEOS_DEPLOYMENT_TARGET = 16.0;
				LOCALIZATION_PREFERS_STRING_CATALOGS = YES;
				MTL_ENABLE_DEBUG_INFO = NO;
				MTL_FAST_MATH = YES;
				SDKROOT = iphoneos;
				SWIFT_COMPILATION_MODE = wholemodule;
				VALIDATE_PRODUCT = YES;
			};
			name = Release;
		};
		365CD6C82B7E4C5100245CDD /* Debug */ = {
			isa = XCBuildConfiguration;
			buildSettings = {
				ALWAYS_EMBED_SWIFT_STANDARD_LIBRARIES = YES;
				ASSETCATALOG_COMPILER_APPICON_NAME = AppIcon;
				ASSETCATALOG_COMPILER_GLOBAL_ACCENT_COLOR_NAME = AccentColor;
				CODE_SIGN_ENTITLEMENTS = HMH_iOS/HMH_iOS.entitlements;
				CODE_SIGN_IDENTITY = "Apple Development";
				CODE_SIGN_STYLE = Automatic;
				CURRENT_PROJECT_VERSION = 1;
				DEVELOPMENT_ASSET_PATHS = "\"HMH_iOS/Preview Content\"";
				DEVELOPMENT_TEAM = 65NSM7Z327;
				ENABLE_PREVIEWS = YES;
				GENERATE_INFOPLIST_FILE = YES;
				INFOPLIST_FILE = "HMH-iOS-Info.plist";
				INFOPLIST_KEY_UIApplicationSceneManifest_Generation = YES;
				INFOPLIST_KEY_UIApplicationSupportsIndirectInputEvents = YES;
				INFOPLIST_KEY_UILaunchScreen_Generation = YES;
				INFOPLIST_KEY_UISupportedInterfaceOrientations_iPad = "UIInterfaceOrientationPortrait UIInterfaceOrientationPortraitUpsideDown UIInterfaceOrientationLandscapeLeft UIInterfaceOrientationLandscapeRight";
				INFOPLIST_KEY_UISupportedInterfaceOrientations_iPhone = "UIInterfaceOrientationPortrait UIInterfaceOrientationLandscapeLeft UIInterfaceOrientationLandscapeRight";
				INFOPLIST_KEY_UIUserInterfaceStyle = Dark;
				LD_RUNPATH_SEARCH_PATHS = (
					"$(inherited)",
					"@executable_path/Frameworks",
				);
				MARKETING_VERSION = 1.0;
				PRODUCT_BUNDLE_IDENTIFIER = com.hmh.hamyeonham;
				PRODUCT_NAME = "$(TARGET_NAME)";
				PROVISIONING_PROFILE_SPECIFIER = "";
				SWIFT_EMIT_LOC_STRINGS = YES;
				SWIFT_VERSION = 5.0;
				TARGETED_DEVICE_FAMILY = "1,2";
			};
			name = Debug;
		};
		365CD6C92B7E4C5100245CDD /* Release */ = {
			isa = XCBuildConfiguration;
			buildSettings = {
				ALWAYS_EMBED_SWIFT_STANDARD_LIBRARIES = YES;
				ASSETCATALOG_COMPILER_APPICON_NAME = AppIcon;
				ASSETCATALOG_COMPILER_GLOBAL_ACCENT_COLOR_NAME = AccentColor;
				CODE_SIGN_ENTITLEMENTS = HMH_iOS/HMH_iOS.entitlements;
				CODE_SIGN_IDENTITY = "Apple Development";
				CODE_SIGN_STYLE = Automatic;
				CURRENT_PROJECT_VERSION = 1;
				DEVELOPMENT_ASSET_PATHS = "\"HMH_iOS/Preview Content\"";
				DEVELOPMENT_TEAM = 65NSM7Z327;
				ENABLE_PREVIEWS = YES;
				GENERATE_INFOPLIST_FILE = YES;
				INFOPLIST_FILE = "HMH-iOS-Info.plist";
				INFOPLIST_KEY_UIApplicationSceneManifest_Generation = YES;
				INFOPLIST_KEY_UIApplicationSupportsIndirectInputEvents = YES;
				INFOPLIST_KEY_UILaunchScreen_Generation = YES;
				INFOPLIST_KEY_UISupportedInterfaceOrientations_iPad = "UIInterfaceOrientationPortrait UIInterfaceOrientationPortraitUpsideDown UIInterfaceOrientationLandscapeLeft UIInterfaceOrientationLandscapeRight";
				INFOPLIST_KEY_UISupportedInterfaceOrientations_iPhone = "UIInterfaceOrientationPortrait UIInterfaceOrientationLandscapeLeft UIInterfaceOrientationLandscapeRight";
				INFOPLIST_KEY_UIUserInterfaceStyle = Dark;
				LD_RUNPATH_SEARCH_PATHS = (
					"$(inherited)",
					"@executable_path/Frameworks",
				);
				MARKETING_VERSION = 1.0;
				PRODUCT_BUNDLE_IDENTIFIER = com.hmh.hamyeonham;
				PRODUCT_NAME = "$(TARGET_NAME)";
				PROVISIONING_PROFILE_SPECIFIER = "";
				SWIFT_EMIT_LOC_STRINGS = YES;
				SWIFT_VERSION = 5.0;
				TARGETED_DEVICE_FAMILY = "1,2";
			};
			name = Release;
		};
		367244462BF32481007A5A7B /* Debug */ = {
			isa = XCBuildConfiguration;
			buildSettings = {
				CODE_SIGN_ENTITLEMENTS = DeviceActivityMonitor/DeviceActivityMonitor.entitlements;
				CODE_SIGN_IDENTITY = "Apple Development";
				CODE_SIGN_STYLE = Automatic;
				CURRENT_PROJECT_VERSION = 1;
				DEVELOPMENT_TEAM = 65NSM7Z327;
				GENERATE_INFOPLIST_FILE = YES;
				INFOPLIST_FILE = DeviceActivityMonitor/Info.plist;
				INFOPLIST_KEY_CFBundleDisplayName = DeviceActivityMonitor;
				INFOPLIST_KEY_NSHumanReadableCopyright = "";
				IPHONEOS_DEPLOYMENT_TARGET = 17.4;
				LD_RUNPATH_SEARCH_PATHS = (
					"$(inherited)",
					"@executable_path/Frameworks",
					"@executable_path/../../Frameworks",
				);
				MARKETING_VERSION = 1.0;
				PRODUCT_BUNDLE_IDENTIFIER = com.hmh.hamyeonham.DeviceActivityMonitor;
				PRODUCT_NAME = "$(TARGET_NAME)";
				SKIP_INSTALL = YES;
				SWIFT_EMIT_LOC_STRINGS = YES;
				SWIFT_VERSION = 5.0;
				TARGETED_DEVICE_FAMILY = "1,2";
			};
			name = Debug;
		};
		367244472BF32481007A5A7B /* Release */ = {
			isa = XCBuildConfiguration;
			buildSettings = {
				CODE_SIGN_ENTITLEMENTS = DeviceActivityMonitor/DeviceActivityMonitor.entitlements;
				CODE_SIGN_IDENTITY = "Apple Development";
				CODE_SIGN_STYLE = Automatic;
				CURRENT_PROJECT_VERSION = 1;
				DEVELOPMENT_TEAM = 65NSM7Z327;
				GENERATE_INFOPLIST_FILE = YES;
				INFOPLIST_FILE = DeviceActivityMonitor/Info.plist;
				INFOPLIST_KEY_CFBundleDisplayName = DeviceActivityMonitor;
				INFOPLIST_KEY_NSHumanReadableCopyright = "";
				IPHONEOS_DEPLOYMENT_TARGET = 17.4;
				LD_RUNPATH_SEARCH_PATHS = (
					"$(inherited)",
					"@executable_path/Frameworks",
					"@executable_path/../../Frameworks",
				);
				MARKETING_VERSION = 1.0;
				PRODUCT_BUNDLE_IDENTIFIER = com.hmh.hamyeonham.DeviceActivityMonitor;
				PRODUCT_NAME = "$(TARGET_NAME)";
				SKIP_INSTALL = YES;
				SWIFT_EMIT_LOC_STRINGS = YES;
				SWIFT_VERSION = 5.0;
				TARGETED_DEVICE_FAMILY = "1,2";
			};
			name = Release;
		};
		367244D52BF3C339007A5A7B /* Debug */ = {
			isa = XCBuildConfiguration;
			buildSettings = {
				CODE_SIGN_ENTITLEMENTS = ShieldActionConfig/ShieldActionConfig.entitlements;
				CODE_SIGN_IDENTITY = "Apple Development";
				CODE_SIGN_STYLE = Automatic;
				CURRENT_PROJECT_VERSION = 1;
				DEVELOPMENT_TEAM = 65NSM7Z327;
				GENERATE_INFOPLIST_FILE = YES;
				INFOPLIST_FILE = ShieldActionConfig/Info.plist;
				INFOPLIST_KEY_CFBundleDisplayName = ShieldActionConfig;
				INFOPLIST_KEY_NSHumanReadableCopyright = "";
				IPHONEOS_DEPLOYMENT_TARGET = 17.4;
				LD_RUNPATH_SEARCH_PATHS = (
					"$(inherited)",
					"@executable_path/Frameworks",
					"@executable_path/../../Frameworks",
				);
				MARKETING_VERSION = 1.0;
				PRODUCT_BUNDLE_IDENTIFIER = com.hmh.hamyeonham.ShieldActionConfig;
				PRODUCT_NAME = "$(TARGET_NAME)";
				SKIP_INSTALL = YES;
				SWIFT_EMIT_LOC_STRINGS = YES;
				SWIFT_VERSION = 5.0;
				TARGETED_DEVICE_FAMILY = "1,2";
			};
			name = Debug;
		};
		367244D62BF3C339007A5A7B /* Release */ = {
			isa = XCBuildConfiguration;
			buildSettings = {
				CODE_SIGN_ENTITLEMENTS = ShieldActionConfig/ShieldActionConfig.entitlements;
				CODE_SIGN_IDENTITY = "Apple Development";
				CODE_SIGN_STYLE = Automatic;
				CURRENT_PROJECT_VERSION = 1;
				DEVELOPMENT_TEAM = 65NSM7Z327;
				GENERATE_INFOPLIST_FILE = YES;
				INFOPLIST_FILE = ShieldActionConfig/Info.plist;
				INFOPLIST_KEY_CFBundleDisplayName = ShieldActionConfig;
				INFOPLIST_KEY_NSHumanReadableCopyright = "";
				IPHONEOS_DEPLOYMENT_TARGET = 17.4;
				LD_RUNPATH_SEARCH_PATHS = (
					"$(inherited)",
					"@executable_path/Frameworks",
					"@executable_path/../../Frameworks",
				);
				MARKETING_VERSION = 1.0;
				PRODUCT_BUNDLE_IDENTIFIER = com.hmh.hamyeonham.ShieldActionConfig;
				PRODUCT_NAME = "$(TARGET_NAME)";
				SKIP_INSTALL = YES;
				SWIFT_EMIT_LOC_STRINGS = YES;
				SWIFT_VERSION = 5.0;
				TARGETED_DEVICE_FAMILY = "1,2";
			};
			name = Release;
		};
		367244E62BF3C660007A5A7B /* Debug */ = {
			isa = XCBuildConfiguration;
			buildSettings = {
				CODE_SIGN_ENTITLEMENTS = ShieldActionExtension/ShieldActionExtension.entitlements;
				CODE_SIGN_IDENTITY = "Apple Development";
				CODE_SIGN_STYLE = Automatic;
				CURRENT_PROJECT_VERSION = 1;
				DEVELOPMENT_TEAM = 65NSM7Z327;
				GENERATE_INFOPLIST_FILE = YES;
				INFOPLIST_FILE = ShieldActionExtension/Info.plist;
				INFOPLIST_KEY_CFBundleDisplayName = ShieldActionExtension;
				INFOPLIST_KEY_NSHumanReadableCopyright = "";
				IPHONEOS_DEPLOYMENT_TARGET = 17.4;
				LD_RUNPATH_SEARCH_PATHS = (
					"$(inherited)",
					"@executable_path/Frameworks",
					"@executable_path/../../Frameworks",
				);
				MARKETING_VERSION = 1.0;
				PRODUCT_BUNDLE_IDENTIFIER = com.hmh.hamyeonham.ShieldActionExtension;
				PRODUCT_NAME = "$(TARGET_NAME)";
				SKIP_INSTALL = YES;
				SWIFT_EMIT_LOC_STRINGS = YES;
				SWIFT_VERSION = 5.0;
				TARGETED_DEVICE_FAMILY = "1,2";
			};
			name = Debug;
		};
		367244E72BF3C660007A5A7B /* Release */ = {
			isa = XCBuildConfiguration;
			buildSettings = {
				CODE_SIGN_ENTITLEMENTS = ShieldActionExtension/ShieldActionExtension.entitlements;
				CODE_SIGN_IDENTITY = "Apple Development";
				CODE_SIGN_STYLE = Automatic;
				CURRENT_PROJECT_VERSION = 1;
				DEVELOPMENT_TEAM = 65NSM7Z327;
				GENERATE_INFOPLIST_FILE = YES;
				INFOPLIST_FILE = ShieldActionExtension/Info.plist;
				INFOPLIST_KEY_CFBundleDisplayName = ShieldActionExtension;
				INFOPLIST_KEY_NSHumanReadableCopyright = "";
				IPHONEOS_DEPLOYMENT_TARGET = 17.4;
				LD_RUNPATH_SEARCH_PATHS = (
					"$(inherited)",
					"@executable_path/Frameworks",
					"@executable_path/../../Frameworks",
				);
				MARKETING_VERSION = 1.0;
				PRODUCT_BUNDLE_IDENTIFIER = com.hmh.hamyeonham.ShieldActionExtension;
				PRODUCT_NAME = "$(TARGET_NAME)";
				SKIP_INSTALL = YES;
				SWIFT_EMIT_LOC_STRINGS = YES;
				SWIFT_VERSION = 5.0;
				TARGETED_DEVICE_FAMILY = "1,2";
			};
			name = Release;
		};
		368C5DA22BCC41990035A1AC /* Debug */ = {
			isa = XCBuildConfiguration;
			buildSettings = {
				CODE_SIGN_ENTITLEMENTS = HMHDeviceActivityReport/HMHDeviceActivityReport.entitlements;
				CODE_SIGN_IDENTITY = "Apple Development";
				CODE_SIGN_STYLE = Automatic;
				CURRENT_PROJECT_VERSION = 1;
				DEVELOPMENT_TEAM = 65NSM7Z327;
				GENERATE_INFOPLIST_FILE = YES;
				INFOPLIST_FILE = HMHDeviceActivityReport/Info.plist;
				INFOPLIST_KEY_CFBundleDisplayName = HMHDeviceActivityReport;
				INFOPLIST_KEY_NSHumanReadableCopyright = "";
				IPHONEOS_DEPLOYMENT_TARGET = 17.4;
				LD_RUNPATH_SEARCH_PATHS = (
					"$(inherited)",
					"@executable_path/Frameworks",
					"@executable_path/../../Frameworks",
				);
				MARKETING_VERSION = 1.0;
				PRODUCT_BUNDLE_IDENTIFIER = com.hmh.hamyeonham.HMHDeviceActivityReport;
				PRODUCT_NAME = "$(TARGET_NAME)";
				SKIP_INSTALL = YES;
				SWIFT_EMIT_LOC_STRINGS = YES;
				SWIFT_VERSION = 5.0;
				TARGETED_DEVICE_FAMILY = "1,2";
			};
			name = Debug;
		};
		368C5DA32BCC41990035A1AC /* Release */ = {
			isa = XCBuildConfiguration;
			buildSettings = {
				CODE_SIGN_ENTITLEMENTS = HMHDeviceActivityReport/HMHDeviceActivityReport.entitlements;
				CODE_SIGN_IDENTITY = "Apple Development";
				CODE_SIGN_STYLE = Automatic;
				CURRENT_PROJECT_VERSION = 1;
				DEVELOPMENT_TEAM = 65NSM7Z327;
				GENERATE_INFOPLIST_FILE = YES;
				INFOPLIST_FILE = HMHDeviceActivityReport/Info.plist;
				INFOPLIST_KEY_CFBundleDisplayName = HMHDeviceActivityReport;
				INFOPLIST_KEY_NSHumanReadableCopyright = "";
				IPHONEOS_DEPLOYMENT_TARGET = 17.4;
				LD_RUNPATH_SEARCH_PATHS = (
					"$(inherited)",
					"@executable_path/Frameworks",
					"@executable_path/../../Frameworks",
				);
				MARKETING_VERSION = 1.0;
				PRODUCT_BUNDLE_IDENTIFIER = com.hmh.hamyeonham.HMHDeviceActivityReport;
				PRODUCT_NAME = "$(TARGET_NAME)";
				SKIP_INSTALL = YES;
				SWIFT_EMIT_LOC_STRINGS = YES;
				SWIFT_VERSION = 5.0;
				TARGETED_DEVICE_FAMILY = "1,2";
			};
			name = Release;
		};
/* End XCBuildConfiguration section */

/* Begin XCConfigurationList section */
		365CD6B42B7E4C4F00245CDD /* Build configuration list for PBXProject "HMH_iOS" */ = {
			isa = XCConfigurationList;
			buildConfigurations = (
				365CD6C52B7E4C5100245CDD /* Debug */,
				365CD6C62B7E4C5100245CDD /* Release */,
			);
			defaultConfigurationIsVisible = 0;
			defaultConfigurationName = Release;
		};
		365CD6C72B7E4C5100245CDD /* Build configuration list for PBXNativeTarget "HMH_iOS" */ = {
			isa = XCConfigurationList;
			buildConfigurations = (
				365CD6C82B7E4C5100245CDD /* Debug */,
				365CD6C92B7E4C5100245CDD /* Release */,
			);
			defaultConfigurationIsVisible = 0;
			defaultConfigurationName = Release;
		};
		367244452BF32481007A5A7B /* Build configuration list for PBXNativeTarget "DeviceActivityMonitor" */ = {
			isa = XCConfigurationList;
			buildConfigurations = (
				367244462BF32481007A5A7B /* Debug */,
				367244472BF32481007A5A7B /* Release */,
			);
			defaultConfigurationIsVisible = 0;
			defaultConfigurationName = Release;
		};
		367244D42BF3C339007A5A7B /* Build configuration list for PBXNativeTarget "ShieldActionConfig" */ = {
			isa = XCConfigurationList;
			buildConfigurations = (
				367244D52BF3C339007A5A7B /* Debug */,
				367244D62BF3C339007A5A7B /* Release */,
			);
			defaultConfigurationIsVisible = 0;
			defaultConfigurationName = Release;
		};
		367244E52BF3C660007A5A7B /* Build configuration list for PBXNativeTarget "ShieldActionExtension" */ = {
			isa = XCConfigurationList;
			buildConfigurations = (
				367244E62BF3C660007A5A7B /* Debug */,
				367244E72BF3C660007A5A7B /* Release */,
			);
			defaultConfigurationIsVisible = 0;
			defaultConfigurationName = Release;
		};
		368C5DA12BCC41990035A1AC /* Build configuration list for PBXNativeTarget "HMHDeviceActivityReport" */ = {
			isa = XCConfigurationList;
			buildConfigurations = (
				368C5DA22BCC41990035A1AC /* Debug */,
				368C5DA32BCC41990035A1AC /* Release */,
			);
			defaultConfigurationIsVisible = 0;
			defaultConfigurationName = Release;
		};
/* End XCConfigurationList section */

/* Begin XCRemoteSwiftPackageReference section */
		0B86938B2BE8B99E000D7CE1 /* XCRemoteSwiftPackageReference "kakao-ios-sdk" */ = {
			isa = XCRemoteSwiftPackageReference;
			repositoryURL = "https://github.com/kakao/kakao-ios-sdk";
			requirement = {
				kind = upToNextMajorVersion;
				minimumVersion = 2.22.1;
			};
		};
		365CD6CA2B7E4CBE00245CDD /* XCRemoteSwiftPackageReference "lottie-spm" */ = {
			isa = XCRemoteSwiftPackageReference;
			repositoryURL = "https://github.com/airbnb/lottie-spm.git";
			requirement = {
				kind = upToNextMajorVersion;
				minimumVersion = 4.4.0;
			};
		};
		365CD6CD2B7E4CE900245CDD /* XCRemoteSwiftPackageReference "Moya" */ = {
			isa = XCRemoteSwiftPackageReference;
			repositoryURL = "https://github.com/Moya/Moya";
			requirement = {
				kind = upToNextMajorVersion;
				minimumVersion = 15.0.3;
			};
		};
		365CD6D62B7E4D0700245CDD /* XCRemoteSwiftPackageReference "Kingfisher" */ = {
			isa = XCRemoteSwiftPackageReference;
			repositoryURL = "https://github.com/onevcat/Kingfisher";
			requirement = {
				kind = upToNextMajorVersion;
				minimumVersion = 7.11.0;
			};
		};
		365CD6D92B7E4D3600245CDD /* XCRemoteSwiftPackageReference "SnapKit" */ = {
			isa = XCRemoteSwiftPackageReference;
			repositoryURL = "https://github.com/SnapKit/SnapKit.git";
			requirement = {
				kind = upToNextMajorVersion;
				minimumVersion = 5.7.0;
			};
		};
		365CD6DC2B7E4D4E00245CDD /* XCRemoteSwiftPackageReference "Then" */ = {
			isa = XCRemoteSwiftPackageReference;
			repositoryURL = "https://github.com/devxoul/Then.git";
			requirement = {
				kind = upToNextMajorVersion;
				minimumVersion = 3.0.0;
			};
		};
/* End XCRemoteSwiftPackageReference section */

/* Begin XCSwiftPackageProductDependency section */
		0B86938C2BE8B99E000D7CE1 /* KakaoSDK */ = {
			isa = XCSwiftPackageProductDependency;
			package = 0B86938B2BE8B99E000D7CE1 /* XCRemoteSwiftPackageReference "kakao-ios-sdk" */;
			productName = KakaoSDK;
		};
		0B86938E2BE8B99E000D7CE1 /* KakaoSDKAuth */ = {
			isa = XCSwiftPackageProductDependency;
			package = 0B86938B2BE8B99E000D7CE1 /* XCRemoteSwiftPackageReference "kakao-ios-sdk" */;
			productName = KakaoSDKAuth;
		};
		0B8693902BE8B99E000D7CE1 /* KakaoSDKCommon */ = {
			isa = XCSwiftPackageProductDependency;
			package = 0B86938B2BE8B99E000D7CE1 /* XCRemoteSwiftPackageReference "kakao-ios-sdk" */;
			productName = KakaoSDKCommon;
		};
		0B8693922BE8B99E000D7CE1 /* KakaoSDKUser */ = {
			isa = XCSwiftPackageProductDependency;
			package = 0B86938B2BE8B99E000D7CE1 /* XCRemoteSwiftPackageReference "kakao-ios-sdk" */;
			productName = KakaoSDKUser;
		};
		365CD6CB2B7E4CBE00245CDD /* Lottie */ = {
			isa = XCSwiftPackageProductDependency;
			package = 365CD6CA2B7E4CBE00245CDD /* XCRemoteSwiftPackageReference "lottie-spm" */;
			productName = Lottie;
		};
		365CD6CE2B7E4CE900245CDD /* CombineMoya */ = {
			isa = XCSwiftPackageProductDependency;
			package = 365CD6CD2B7E4CE900245CDD /* XCRemoteSwiftPackageReference "Moya" */;
			productName = CombineMoya;
		};
		365CD6D02B7E4CE900245CDD /* Moya */ = {
			isa = XCSwiftPackageProductDependency;
			package = 365CD6CD2B7E4CE900245CDD /* XCRemoteSwiftPackageReference "Moya" */;
			productName = Moya;
		};
		365CD6D22B7E4CE900245CDD /* ReactiveMoya */ = {
			isa = XCSwiftPackageProductDependency;
			package = 365CD6CD2B7E4CE900245CDD /* XCRemoteSwiftPackageReference "Moya" */;
			productName = ReactiveMoya;
		};
		365CD6D42B7E4CE900245CDD /* RxMoya */ = {
			isa = XCSwiftPackageProductDependency;
			package = 365CD6CD2B7E4CE900245CDD /* XCRemoteSwiftPackageReference "Moya" */;
			productName = RxMoya;
		};
		365CD6D72B7E4D0700245CDD /* Kingfisher */ = {
			isa = XCSwiftPackageProductDependency;
			package = 365CD6D62B7E4D0700245CDD /* XCRemoteSwiftPackageReference "Kingfisher" */;
			productName = Kingfisher;
		};
		365CD6DA2B7E4D3600245CDD /* SnapKit */ = {
			isa = XCSwiftPackageProductDependency;
			package = 365CD6D92B7E4D3600245CDD /* XCRemoteSwiftPackageReference "SnapKit" */;
			productName = SnapKit;
		};
		365CD6DD2B7E4D4E00245CDD /* Then */ = {
			isa = XCSwiftPackageProductDependency;
			package = 365CD6DC2B7E4D4E00245CDD /* XCRemoteSwiftPackageReference "Then" */;
			productName = Then;
		};
/* End XCSwiftPackageProductDependency section */
	};
	rootObject = 365CD6B12B7E4C4F00245CDD /* Project object */;
}
