// !$*UTF8*$!
{
	archiveVersion = 1;
	classes = {
	};
	objectVersion = 56;
	objects = {

/* Begin PBXBuildFile section */
		365CD6BD2B7E4C4F00245CDD /* HMH_iOSApp.swift in Sources */ = {isa = PBXBuildFile; fileRef = 365CD6BC2B7E4C4F00245CDD /* HMH_iOSApp.swift */; };
		365CD6BF2B7E4C4F00245CDD /* ContentView.swift in Sources */ = {isa = PBXBuildFile; fileRef = 365CD6BE2B7E4C4F00245CDD /* ContentView.swift */; };
		365CD6C12B7E4C5100245CDD /* Assets.xcassets in Resources */ = {isa = PBXBuildFile; fileRef = 365CD6C02B7E4C5100245CDD /* Assets.xcassets */; };
		365CD6C42B7E4C5100245CDD /* Preview Assets.xcassets in Resources */ = {isa = PBXBuildFile; fileRef = 365CD6C32B7E4C5100245CDD /* Preview Assets.xcassets */; };
		365CD6CC2B7E4CBE00245CDD /* Lottie in Frameworks */ = {isa = PBXBuildFile; productRef = 365CD6CB2B7E4CBE00245CDD /* Lottie */; };
		365CD6CF2B7E4CE900245CDD /* CombineMoya in Frameworks */ = {isa = PBXBuildFile; productRef = 365CD6CE2B7E4CE900245CDD /* CombineMoya */; };
		365CD6D12B7E4CE900245CDD /* Moya in Frameworks */ = {isa = PBXBuildFile; productRef = 365CD6D02B7E4CE900245CDD /* Moya */; };
		365CD6D32B7E4CE900245CDD /* ReactiveMoya in Frameworks */ = {isa = PBXBuildFile; productRef = 365CD6D22B7E4CE900245CDD /* ReactiveMoya */; };
		365CD6D52B7E4CE900245CDD /* RxMoya in Frameworks */ = {isa = PBXBuildFile; productRef = 365CD6D42B7E4CE900245CDD /* RxMoya */; };
		365CD6D82B7E4D0700245CDD /* Kingfisher in Frameworks */ = {isa = PBXBuildFile; productRef = 365CD6D72B7E4D0700245CDD /* Kingfisher */; };
		365CD6DB2B7E4D3600245CDD /* SnapKit in Frameworks */ = {isa = PBXBuildFile; productRef = 365CD6DA2B7E4D3600245CDD /* SnapKit */; };
		365CD6DE2B7E4D4E00245CDD /* Then in Frameworks */ = {isa = PBXBuildFile; productRef = 365CD6DD2B7E4D4E00245CDD /* Then */; };
/* End PBXBuildFile section */

/* Begin PBXFileReference section */
		365CD6B92B7E4C4F00245CDD /* HMH_iOS.app */ = {isa = PBXFileReference; explicitFileType = wrapper.application; includeInIndex = 0; path = HMH_iOS.app; sourceTree = BUILT_PRODUCTS_DIR; };
		365CD6BC2B7E4C4F00245CDD /* HMH_iOSApp.swift */ = {isa = PBXFileReference; lastKnownFileType = sourcecode.swift; path = HMH_iOSApp.swift; sourceTree = "<group>"; };
		365CD6BE2B7E4C4F00245CDD /* ContentView.swift */ = {isa = PBXFileReference; lastKnownFileType = sourcecode.swift; path = ContentView.swift; sourceTree = "<group>"; };
		365CD6C02B7E4C5100245CDD /* Assets.xcassets */ = {isa = PBXFileReference; lastKnownFileType = folder.assetcatalog; path = Assets.xcassets; sourceTree = "<group>"; };
		365CD6C32B7E4C5100245CDD /* Preview Assets.xcassets */ = {isa = PBXFileReference; lastKnownFileType = folder.assetcatalog; path = "Preview Assets.xcassets"; sourceTree = "<group>"; };
/* End PBXFileReference section */

/* Begin PBXFrameworksBuildPhase section */
		365CD6B62B7E4C4F00245CDD /* Frameworks */ = {
			isa = PBXFrameworksBuildPhase;
			buildActionMask = 2147483647;
			files = (
				365CD6D82B7E4D0700245CDD /* Kingfisher in Frameworks */,
				365CD6D52B7E4CE900245CDD /* RxMoya in Frameworks */,
				365CD6CF2B7E4CE900245CDD /* CombineMoya in Frameworks */,
				365CD6DE2B7E4D4E00245CDD /* Then in Frameworks */,
				365CD6DB2B7E4D3600245CDD /* SnapKit in Frameworks */,
				365CD6D32B7E4CE900245CDD /* ReactiveMoya in Frameworks */,
				365CD6CC2B7E4CBE00245CDD /* Lottie in Frameworks */,
				365CD6D12B7E4CE900245CDD /* Moya in Frameworks */,
			);
			runOnlyForDeploymentPostprocessing = 0;
		};
/* End PBXFrameworksBuildPhase section */

/* Begin PBXGroup section */
		365CD6B02B7E4C4F00245CDD = {
			isa = PBXGroup;
			children = (
				365CD6BB2B7E4C4F00245CDD /* HMH_iOS */,
				365CD6BA2B7E4C4F00245CDD /* Products */,
			);
			sourceTree = "<group>";
		};
		365CD6BA2B7E4C4F00245CDD /* Products */ = {
			isa = PBXGroup;
			children = (
				365CD6B92B7E4C4F00245CDD /* HMH_iOS.app */,
			);
			name = Products;
			sourceTree = "<group>";
		};
		365CD6BB2B7E4C4F00245CDD /* HMH_iOS */ = {
			isa = PBXGroup;
			children = (
				365CD6BC2B7E4C4F00245CDD /* HMH_iOSApp.swift */,
				365CD6BE2B7E4C4F00245CDD /* ContentView.swift */,
				365CD6C02B7E4C5100245CDD /* Assets.xcassets */,
				365CD6C22B7E4C5100245CDD /* Preview Content */,
			);
			path = HMH_iOS;
			sourceTree = "<group>";
		};
		365CD6C22B7E4C5100245CDD /* Preview Content */ = {
			isa = PBXGroup;
			children = (
				365CD6C32B7E4C5100245CDD /* Preview Assets.xcassets */,
			);
			path = "Preview Content";
			sourceTree = "<group>";
		};
/* End PBXGroup section */

/* Begin PBXNativeTarget section */
		365CD6B82B7E4C4F00245CDD /* HMH_iOS */ = {
			isa = PBXNativeTarget;
			buildConfigurationList = 365CD6C72B7E4C5100245CDD /* Build configuration list for PBXNativeTarget "HMH_iOS" */;
			buildPhases = (
				365CD6B52B7E4C4F00245CDD /* Sources */,
				365CD6B62B7E4C4F00245CDD /* Frameworks */,
				365CD6B72B7E4C4F00245CDD /* Resources */,
			);
			buildRules = (
			);
			dependencies = (
			);
			name = HMH_iOS;
			packageProductDependencies = (
				365CD6CB2B7E4CBE00245CDD /* Lottie */,
				365CD6CE2B7E4CE900245CDD /* CombineMoya */,
				365CD6D02B7E4CE900245CDD /* Moya */,
				365CD6D22B7E4CE900245CDD /* ReactiveMoya */,
				365CD6D42B7E4CE900245CDD /* RxMoya */,
				365CD6D72B7E4D0700245CDD /* Kingfisher */,
				365CD6DA2B7E4D3600245CDD /* SnapKit */,
				365CD6DD2B7E4D4E00245CDD /* Then */,
			);
			productName = HMH_iOS;
			productReference = 365CD6B92B7E4C4F00245CDD /* HMH_iOS.app */;
			productType = "com.apple.product-type.application";
		};
/* End PBXNativeTarget section */

/* Begin PBXProject section */
		365CD6B12B7E4C4F00245CDD /* Project object */ = {
			isa = PBXProject;
			attributes = {
				BuildIndependentTargetsInParallel = 1;
				LastSwiftUpdateCheck = 1520;
				LastUpgradeCheck = 1520;
				TargetAttributes = {
					365CD6B82B7E4C4F00245CDD = {
						CreatedOnToolsVersion = 15.2;
					};
				};
			};
			buildConfigurationList = 365CD6B42B7E4C4F00245CDD /* Build configuration list for PBXProject "HMH_iOS" */;
			compatibilityVersion = "Xcode 14.0";
			developmentRegion = en;
			hasScannedForEncodings = 0;
			knownRegions = (
				en,
				Base,
			);
			mainGroup = 365CD6B02B7E4C4F00245CDD;
			packageReferences = (
				365CD6CA2B7E4CBE00245CDD /* XCRemoteSwiftPackageReference "lottie-spm" */,
				365CD6CD2B7E4CE900245CDD /* XCRemoteSwiftPackageReference "Moya" */,
				365CD6D62B7E4D0700245CDD /* XCRemoteSwiftPackageReference "Kingfisher" */,
				365CD6D92B7E4D3600245CDD /* XCRemoteSwiftPackageReference "SnapKit" */,
				365CD6DC2B7E4D4E00245CDD /* XCRemoteSwiftPackageReference "Then" */,
			);
			productRefGroup = 365CD6BA2B7E4C4F00245CDD /* Products */;
			projectDirPath = "";
			projectRoot = "";
			targets = (
				365CD6B82B7E4C4F00245CDD /* HMH_iOS */,
			);
		};
/* End PBXProject section */

/* Begin PBXResourcesBuildPhase section */
		365CD6B72B7E4C4F00245CDD /* Resources */ = {
			isa = PBXResourcesBuildPhase;
			buildActionMask = 2147483647;
			files = (
				365CD6C42B7E4C5100245CDD /* Preview Assets.xcassets in Resources */,
				365CD6C12B7E4C5100245CDD /* Assets.xcassets in Resources */,
			);
			runOnlyForDeploymentPostprocessing = 0;
		};
/* End PBXResourcesBuildPhase section */

/* Begin PBXSourcesBuildPhase section */
		365CD6B52B7E4C4F00245CDD /* Sources */ = {
			isa = PBXSourcesBuildPhase;
			buildActionMask = 2147483647;
			files = (
				365CD6BF2B7E4C4F00245CDD /* ContentView.swift in Sources */,
				365CD6BD2B7E4C4F00245CDD /* HMH_iOSApp.swift in Sources */,
			);
			runOnlyForDeploymentPostprocessing = 0;
		};
/* End PBXSourcesBuildPhase section */

/* Begin XCBuildConfiguration section */
		365CD6C52B7E4C5100245CDD /* Debug */ = {
			isa = XCBuildConfiguration;
			buildSettings = {
				ALWAYS_SEARCH_USER_PATHS = NO;
				ASSETCATALOG_COMPILER_GENERATE_SWIFT_ASSET_SYMBOL_EXTENSIONS = YES;
				CLANG_ANALYZER_NONNULL = YES;
				CLANG_ANALYZER_NUMBER_OBJECT_CONVERSION = YES_AGGRESSIVE;
				CLANG_CXX_LANGUAGE_STANDARD = "gnu++20";
				CLANG_ENABLE_MODULES = YES;
				CLANG_ENABLE_OBJC_ARC = YES;
				CLANG_ENABLE_OBJC_WEAK = YES;
				CLANG_WARN_BLOCK_CAPTURE_AUTORELEASING = YES;
				CLANG_WARN_BOOL_CONVERSION = YES;
				CLANG_WARN_COMMA = YES;
				CLANG_WARN_CONSTANT_CONVERSION = YES;
				CLANG_WARN_DEPRECATED_OBJC_IMPLEMENTATIONS = YES;
				CLANG_WARN_DIRECT_OBJC_ISA_USAGE = YES_ERROR;
				CLANG_WARN_DOCUMENTATION_COMMENTS = YES;
				CLANG_WARN_EMPTY_BODY = YES;
				CLANG_WARN_ENUM_CONVERSION = YES;
				CLANG_WARN_INFINITE_RECURSION = YES;
				CLANG_WARN_INT_CONVERSION = YES;
				CLANG_WARN_NON_LITERAL_NULL_CONVERSION = YES;
				CLANG_WARN_OBJC_IMPLICIT_RETAIN_SELF = YES;
				CLANG_WARN_OBJC_LITERAL_CONVERSION = YES;
				CLANG_WARN_OBJC_ROOT_CLASS = YES_ERROR;
				CLANG_WARN_QUOTED_INCLUDE_IN_FRAMEWORK_HEADER = YES;
				CLANG_WARN_RANGE_LOOP_ANALYSIS = YES;
				CLANG_WARN_STRICT_PROTOTYPES = YES;
				CLANG_WARN_SUSPICIOUS_MOVE = YES;
				CLANG_WARN_UNGUARDED_AVAILABILITY = YES_AGGRESSIVE;
				CLANG_WARN_UNREACHABLE_CODE = YES;
				CLANG_WARN__DUPLICATE_METHOD_MATCH = YES;
				COPY_PHASE_STRIP = NO;
				DEBUG_INFORMATION_FORMAT = dwarf;
				ENABLE_STRICT_OBJC_MSGSEND = YES;
				ENABLE_TESTABILITY = YES;
				ENABLE_USER_SCRIPT_SANDBOXING = YES;
				GCC_C_LANGUAGE_STANDARD = gnu17;
				GCC_DYNAMIC_NO_PIC = NO;
				GCC_NO_COMMON_BLOCKS = YES;
				GCC_OPTIMIZATION_LEVEL = 0;
				GCC_PREPROCESSOR_DEFINITIONS = (
					"DEBUG=1",
					"$(inherited)",
				);
				GCC_WARN_64_TO_32_BIT_CONVERSION = YES;
				GCC_WARN_ABOUT_RETURN_TYPE = YES_ERROR;
				GCC_WARN_UNDECLARED_SELECTOR = YES;
				GCC_WARN_UNINITIALIZED_AUTOS = YES_AGGRESSIVE;
				GCC_WARN_UNUSED_FUNCTION = YES;
				GCC_WARN_UNUSED_VARIABLE = YES;
				IPHONEOS_DEPLOYMENT_TARGET = 17.2;
				LOCALIZATION_PREFERS_STRING_CATALOGS = YES;
				MTL_ENABLE_DEBUG_INFO = INCLUDE_SOURCE;
				MTL_FAST_MATH = YES;
				ONLY_ACTIVE_ARCH = YES;
				SDKROOT = iphoneos;
				SWIFT_ACTIVE_COMPILATION_CONDITIONS = "DEBUG $(inherited)";
				SWIFT_OPTIMIZATION_LEVEL = "-Onone";
			};
			name = Debug;
		};
		365CD6C62B7E4C5100245CDD /* Release */ = {
			isa = XCBuildConfiguration;
			buildSettings = {
				ALWAYS_SEARCH_USER_PATHS = NO;
				ASSETCATALOG_COMPILER_GENERATE_SWIFT_ASSET_SYMBOL_EXTENSIONS = YES;
				CLANG_ANALYZER_NONNULL = YES;
				CLANG_ANALYZER_NUMBER_OBJECT_CONVERSION = YES_AGGRESSIVE;
				CLANG_CXX_LANGUAGE_STANDARD = "gnu++20";
				CLANG_ENABLE_MODULES = YES;
				CLANG_ENABLE_OBJC_ARC = YES;
				CLANG_ENABLE_OBJC_WEAK = YES;
				CLANG_WARN_BLOCK_CAPTURE_AUTORELEASING = YES;
				CLANG_WARN_BOOL_CONVERSION = YES;
				CLANG_WARN_COMMA = YES;
				CLANG_WARN_CONSTANT_CONVERSION = YES;
				CLANG_WARN_DEPRECATED_OBJC_IMPLEMENTATIONS = YES;
				CLANG_WARN_DIRECT_OBJC_ISA_USAGE = YES_ERROR;
				CLANG_WARN_DOCUMENTATION_COMMENTS = YES;
				CLANG_WARN_EMPTY_BODY = YES;
				CLANG_WARN_ENUM_CONVERSION = YES;
				CLANG_WARN_INFINITE_RECURSION = YES;
				CLANG_WARN_INT_CONVERSION = YES;
				CLANG_WARN_NON_LITERAL_NULL_CONVERSION = YES;
				CLANG_WARN_OBJC_IMPLICIT_RETAIN_SELF = YES;
				CLANG_WARN_OBJC_LITERAL_CONVERSION = YES;
				CLANG_WARN_OBJC_ROOT_CLASS = YES_ERROR;
				CLANG_WARN_QUOTED_INCLUDE_IN_FRAMEWORK_HEADER = YES;
				CLANG_WARN_RANGE_LOOP_ANALYSIS = YES;
				CLANG_WARN_STRICT_PROTOTYPES = YES;
				CLANG_WARN_SUSPICIOUS_MOVE = YES;
				CLANG_WARN_UNGUARDED_AVAILABILITY = YES_AGGRESSIVE;
				CLANG_WARN_UNREACHABLE_CODE = YES;
				CLANG_WARN__DUPLICATE_METHOD_MATCH = YES;
				COPY_PHASE_STRIP = NO;
				DEBUG_INFORMATION_FORMAT = "dwarf-with-dsym";
				ENABLE_NS_ASSERTIONS = NO;
				ENABLE_STRICT_OBJC_MSGSEND = YES;
				ENABLE_USER_SCRIPT_SANDBOXING = YES;
				GCC_C_LANGUAGE_STANDARD = gnu17;
				GCC_NO_COMMON_BLOCKS = YES;
				GCC_WARN_64_TO_32_BIT_CONVERSION = YES;
				GCC_WARN_ABOUT_RETURN_TYPE = YES_ERROR;
				GCC_WARN_UNDECLARED_SELECTOR = YES;
				GCC_WARN_UNINITIALIZED_AUTOS = YES_AGGRESSIVE;
				GCC_WARN_UNUSED_FUNCTION = YES;
				GCC_WARN_UNUSED_VARIABLE = YES;
				IPHONEOS_DEPLOYMENT_TARGET = 17.2;
				LOCALIZATION_PREFERS_STRING_CATALOGS = YES;
				MTL_ENABLE_DEBUG_INFO = NO;
				MTL_FAST_MATH = YES;
				SDKROOT = iphoneos;
				SWIFT_COMPILATION_MODE = wholemodule;
				VALIDATE_PRODUCT = YES;
			};
			name = Release;
		};
		365CD6C82B7E4C5100245CDD /* Debug */ = {
			isa = XCBuildConfiguration;
			buildSettings = {
				ASSETCATALOG_COMPILER_APPICON_NAME = AppIcon;
				ASSETCATALOG_COMPILER_GLOBAL_ACCENT_COLOR_NAME = AccentColor;
				CODE_SIGN_STYLE = Automatic;
				CURRENT_PROJECT_VERSION = 1;
				DEVELOPMENT_ASSET_PATHS = "\"HMH_iOS/Preview Content\"";
				DEVELOPMENT_TEAM = 8D8H8KC6DH;
				ENABLE_PREVIEWS = YES;
				GENERATE_INFOPLIST_FILE = YES;
				INFOPLIST_KEY_UIApplicationSceneManifest_Generation = YES;
				INFOPLIST_KEY_UIApplicationSupportsIndirectInputEvents = YES;
				INFOPLIST_KEY_UILaunchScreen_Generation = YES;
				INFOPLIST_KEY_UISupportedInterfaceOrientations_iPad = "UIInterfaceOrientationPortrait UIInterfaceOrientationPortraitUpsideDown UIInterfaceOrientationLandscapeLeft UIInterfaceOrientationLandscapeRight";
				INFOPLIST_KEY_UISupportedInterfaceOrientations_iPhone = "UIInterfaceOrientationPortrait UIInterfaceOrientationLandscapeLeft UIInterfaceOrientationLandscapeRight";
				LD_RUNPATH_SEARCH_PATHS = (
					"$(inherited)",
					"@executable_path/Frameworks",
				);
				MARKETING_VERSION = 1.0;
				PRODUCT_BUNDLE_IDENTIFIER = "LJH.HMH-iOS";
				PRODUCT_NAME = "$(TARGET_NAME)";
				SWIFT_EMIT_LOC_STRINGS = YES;
				SWIFT_VERSION = 5.0;
				TARGETED_DEVICE_FAMILY = "1,2";
			};
			name = Debug;
		};
		365CD6C92B7E4C5100245CDD /* Release */ = {
			isa = XCBuildConfiguration;
			buildSettings = {
				ASSETCATALOG_COMPILER_APPICON_NAME = AppIcon;
				ASSETCATALOG_COMPILER_GLOBAL_ACCENT_COLOR_NAME = AccentColor;
				CODE_SIGN_STYLE = Automatic;
				CURRENT_PROJECT_VERSION = 1;
				DEVELOPMENT_ASSET_PATHS = "\"HMH_iOS/Preview Content\"";
				DEVELOPMENT_TEAM = 8D8H8KC6DH;
				ENABLE_PREVIEWS = YES;
				GENERATE_INFOPLIST_FILE = YES;
				INFOPLIST_KEY_UIApplicationSceneManifest_Generation = YES;
				INFOPLIST_KEY_UIApplicationSupportsIndirectInputEvents = YES;
				INFOPLIST_KEY_UILaunchScreen_Generation = YES;
				INFOPLIST_KEY_UISupportedInterfaceOrientations_iPad = "UIInterfaceOrientationPortrait UIInterfaceOrientationPortraitUpsideDown UIInterfaceOrientationLandscapeLeft UIInterfaceOrientationLandscapeRight";
				INFOPLIST_KEY_UISupportedInterfaceOrientations_iPhone = "UIInterfaceOrientationPortrait UIInterfaceOrientationLandscapeLeft UIInterfaceOrientationLandscapeRight";
				LD_RUNPATH_SEARCH_PATHS = (
					"$(inherited)",
					"@executable_path/Frameworks",
				);
				MARKETING_VERSION = 1.0;
				PRODUCT_BUNDLE_IDENTIFIER = "LJH.HMH-iOS";
				PRODUCT_NAME = "$(TARGET_NAME)";
				SWIFT_EMIT_LOC_STRINGS = YES;
				SWIFT_VERSION = 5.0;
				TARGETED_DEVICE_FAMILY = "1,2";
			};
			name = Release;
		};
/* End XCBuildConfiguration section */

/* Begin XCConfigurationList section */
		365CD6B42B7E4C4F00245CDD /* Build configuration list for PBXProject "HMH_iOS" */ = {
			isa = XCConfigurationList;
			buildConfigurations = (
				365CD6C52B7E4C5100245CDD /* Debug */,
				365CD6C62B7E4C5100245CDD /* Release */,
			);
			defaultConfigurationIsVisible = 0;
			defaultConfigurationName = Release;
		};
		365CD6C72B7E4C5100245CDD /* Build configuration list for PBXNativeTarget "HMH_iOS" */ = {
			isa = XCConfigurationList;
			buildConfigurations = (
				365CD6C82B7E4C5100245CDD /* Debug */,
				365CD6C92B7E4C5100245CDD /* Release */,
			);
			defaultConfigurationIsVisible = 0;
			defaultConfigurationName = Release;
		};
/* End XCConfigurationList section */

/* Begin XCRemoteSwiftPackageReference section */
		365CD6CA2B7E4CBE00245CDD /* XCRemoteSwiftPackageReference "lottie-spm" */ = {
			isa = XCRemoteSwiftPackageReference;
			repositoryURL = "https://github.com/airbnb/lottie-spm.git";
			requirement = {
				kind = upToNextMajorVersion;
				minimumVersion = 4.4.0;
			};
		};
		365CD6CD2B7E4CE900245CDD /* XCRemoteSwiftPackageReference "Moya" */ = {
			isa = XCRemoteSwiftPackageReference;
			repositoryURL = "https://github.com/Moya/Moya";
			requirement = {
				kind = upToNextMajorVersion;
				minimumVersion = 15.0.3;
			};
		};
		365CD6D62B7E4D0700245CDD /* XCRemoteSwiftPackageReference "Kingfisher" */ = {
			isa = XCRemoteSwiftPackageReference;
			repositoryURL = "https://github.com/onevcat/Kingfisher";
			requirement = {
				kind = upToNextMajorVersion;
				minimumVersion = 7.11.0;
			};
		};
		365CD6D92B7E4D3600245CDD /* XCRemoteSwiftPackageReference "SnapKit" */ = {
			isa = XCRemoteSwiftPackageReference;
			repositoryURL = "https://github.com/SnapKit/SnapKit.git";
			requirement = {
				kind = upToNextMajorVersion;
				minimumVersion = 5.7.0;
			};
		};
		365CD6DC2B7E4D4E00245CDD /* XCRemoteSwiftPackageReference "Then" */ = {
			isa = XCRemoteSwiftPackageReference;
			repositoryURL = "https://github.com/devxoul/Then.git";
			requirement = {
				kind = upToNextMajorVersion;
				minimumVersion = 3.0.0;
			};
		};
/* End XCRemoteSwiftPackageReference section */

/* Begin XCSwiftPackageProductDependency section */
		365CD6CB2B7E4CBE00245CDD /* Lottie */ = {
			isa = XCSwiftPackageProductDependency;
			package = 365CD6CA2B7E4CBE00245CDD /* XCRemoteSwiftPackageReference "lottie-spm" */;
			productName = Lottie;
		};
		365CD6CE2B7E4CE900245CDD /* CombineMoya */ = {
			isa = XCSwiftPackageProductDependency;
			package = 365CD6CD2B7E4CE900245CDD /* XCRemoteSwiftPackageReference "Moya" */;
			productName = CombineMoya;
		};
		365CD6D02B7E4CE900245CDD /* Moya */ = {
			isa = XCSwiftPackageProductDependency;
			package = 365CD6CD2B7E4CE900245CDD /* XCRemoteSwiftPackageReference "Moya" */;
			productName = Moya;
		};
		365CD6D22B7E4CE900245CDD /* ReactiveMoya */ = {
			isa = XCSwiftPackageProductDependency;
			package = 365CD6CD2B7E4CE900245CDD /* XCRemoteSwiftPackageReference "Moya" */;
			productName = ReactiveMoya;
		};
		365CD6D42B7E4CE900245CDD /* RxMoya */ = {
			isa = XCSwiftPackageProductDependency;
			package = 365CD6CD2B7E4CE900245CDD /* XCRemoteSwiftPackageReference "Moya" */;
			productName = RxMoya;
		};
		365CD6D72B7E4D0700245CDD /* Kingfisher */ = {
			isa = XCSwiftPackageProductDependency;
			package = 365CD6D62B7E4D0700245CDD /* XCRemoteSwiftPackageReference "Kingfisher" */;
			productName = Kingfisher;
		};
		365CD6DA2B7E4D3600245CDD /* SnapKit */ = {
			isa = XCSwiftPackageProductDependency;
			package = 365CD6D92B7E4D3600245CDD /* XCRemoteSwiftPackageReference "SnapKit" */;
			productName = SnapKit;
		};
		365CD6DD2B7E4D4E00245CDD /* Then */ = {
			isa = XCSwiftPackageProductDependency;
			package = 365CD6DC2B7E4D4E00245CDD /* XCRemoteSwiftPackageReference "Then" */;
			productName = Then;
		};
/* End XCSwiftPackageProductDependency section */
	};
	rootObject = 365CD6B12B7E4C4F00245CDD /* Project object */;
}
