<?xml version="1.0" encoding="UTF-8"?>
<Scheme
   LastUpgradeVersion = "1010"
   version = "1.3">
   <BuildAction
      parallelizeBuildables = "YES"
      buildImplicitDependencies = "YES">
      <BuildActionEntries>
         <BuildActionEntry
            buildForTesting = "YES"
            buildForRunning = "YES"
            buildForProfiling = "YES"
            buildForArchiving = "YES"
            buildForAnalyzing = "YES">
            <BuildableReference
               BuildableIdentifier = "primary"
               BlueprintIdentifier = "2A717419231F3C0B8A3E0F06"
               BuildableName = "Alamofire.framework"
               BlueprintName = "Alamofire"
               ReferencedContainer = "container:Tuist/Dependencies/SwiftPackageManager/.build/checkouts/Alamofire/Alamofire.xcodeproj">
            </BuildableReference>
         </BuildActionEntry>
         <BuildActionEntry
            buildForTesting = "YES"
            buildForRunning = "YES"
            buildForProfiling = "YES"
            buildForArchiving = "YES"
            buildForAnalyzing = "YES">
            <BuildableReference
               BuildableIdentifier = "primary"
               BlueprintIdentifier = "78588252DC7CC78786B3F30D"
               BuildableName = "BaseFeatureDependency.framework"
               BlueprintName = "BaseFeatureDependency"
               ReferencedContainer = "container:Projects/Features/BaseFeatureDependency/BaseFeatureDependency.xcodeproj">
            </BuildableReference>
         </BuildActionEntry>
         <BuildActionEntry
            buildForTesting = "YES"
            buildForRunning = "YES"
            buildForProfiling = "YES"
            buildForArchiving = "YES"
            buildForAnalyzing = "YES">
            <BuildableReference
               BuildableIdentifier = "primary"
               BlueprintIdentifier = "B3CF561D5DAB4F71160FAE15"
               BuildableName = "ChallengeFeature.framework"
               BlueprintName = "ChallengeFeature"
               ReferencedContainer = "container:Projects/Features/ChallengeFeature/ChallengeFeature.xcodeproj">
            </BuildableReference>
         </BuildActionEntry>
         <BuildActionEntry
            buildForTesting = "YES"
            buildForRunning = "YES"
            buildForProfiling = "YES"
            buildForArchiving = "YES"
            buildForAnalyzing = "YES">
            <BuildableReference
               BuildableIdentifier = "primary"
               BlueprintIdentifier = "4F94EA716F99EA3954E9458D"
               BuildableName = "ChallengeFeatureDemo.app"
               BlueprintName = "ChallengeFeatureDemo"
               ReferencedContainer = "container:Projects/Features/ChallengeFeature/ChallengeFeature.xcodeproj">
            </BuildableReference>
         </BuildActionEntry>
         <BuildActionEntry
            buildForTesting = "YES"
            buildForRunning = "YES"
            buildForProfiling = "YES"
            buildForArchiving = "YES"
            buildForAnalyzing = "YES">
            <BuildableReference
               BuildableIdentifier = "primary"
               BlueprintIdentifier = "2538C1AD7CF9D7896689AB84"
               BuildableName = "ChallengeFeatureInterface.framework"
               BlueprintName = "ChallengeFeatureInterface"
               ReferencedContainer = "container:Projects/Features/ChallengeFeature/ChallengeFeature.xcodeproj">
            </BuildableReference>
         </BuildActionEntry>
         <BuildActionEntry
            buildForTesting = "YES"
            buildForRunning = "YES"
            buildForProfiling = "YES"
            buildForArchiving = "YES"
            buildForAnalyzing = "YES">
            <BuildableReference
               BuildableIdentifier = "primary"
               BlueprintIdentifier = "B90FCF66245CD7327BEE2CBF"
               BuildableName = "Core.framework"
               BlueprintName = "Core"
               ReferencedContainer = "container:Projects/Core/Core.xcodeproj">
            </BuildableReference>
         </BuildActionEntry>
         <BuildActionEntry
            buildForTesting = "YES"
            buildForRunning = "YES"
            buildForProfiling = "YES"
            buildForArchiving = "YES"
            buildForAnalyzing = "YES">
            <BuildableReference
               BuildableIdentifier = "primary"
               BlueprintIdentifier = "1B9774B4D9F99DFC747D3A4E"
               BuildableName = "CoreDemo.app"
               BlueprintName = "CoreDemo"
               ReferencedContainer = "container:Projects/Core/Core.xcodeproj">
            </BuildableReference>
         </BuildActionEntry>
         <BuildActionEntry
            buildForTesting = "YES"
            buildForRunning = "YES"
            buildForProfiling = "YES"
            buildForArchiving = "YES"
            buildForAnalyzing = "YES">
            <BuildableReference
               BuildableIdentifier = "primary"
               BlueprintIdentifier = "9555BEC4FE9CAD0AD1C5B5A0"
               BuildableName = "DSKit.framework"
               BlueprintName = "DSKit"
               ReferencedContainer = "container:Projects/Modules/DSKit/DSKit.xcodeproj">
            </BuildableReference>
         </BuildActionEntry>
         <BuildActionEntry
            buildForTesting = "YES"
            buildForRunning = "YES"
            buildForProfiling = "YES"
            buildForArchiving = "YES"
            buildForAnalyzing = "YES">
            <BuildableReference
               BuildableIdentifier = "primary"
               BlueprintIdentifier = "BDFCA747B389DBB92D789624"
               BuildableName = "DSKitDemo.app"
               BlueprintName = "DSKitDemo"
               ReferencedContainer = "container:Projects/Modules/DSKit/DSKit.xcodeproj">
            </BuildableReference>
         </BuildActionEntry>
         <BuildActionEntry
            buildForTesting = "YES"
            buildForRunning = "YES"
            buildForProfiling = "YES"
            buildForArchiving = "YES"
            buildForAnalyzing = "YES">
            <BuildableReference
               BuildableIdentifier = "primary"
               BlueprintIdentifier = "372E276F143AFFAD2448C971"
               BuildableName = "Data.framework"
               BlueprintName = "Data"
               ReferencedContainer = "container:Projects/Data/Data.xcodeproj">
            </BuildableReference>
         </BuildActionEntry>
         <BuildActionEntry
            buildForTesting = "YES"
            buildForRunning = "YES"
            buildForProfiling = "YES"
            buildForArchiving = "YES"
            buildForAnalyzing = "YES">
            <BuildableReference
               BuildableIdentifier = "primary"
               BlueprintIdentifier = "5C67F6FBCC2E336D182BC65D"
               BuildableName = "DeviceActivityMonitor.framework"
               BlueprintName = "DeviceActivityMonitor"
               ReferencedContainer = "container:Projects/HMHModules/DeviceActivityMonitor/DeviceActivityMonitor.xcodeproj">
            </BuildableReference>
         </BuildActionEntry>
         <BuildActionEntry
            buildForTesting = "YES"
            buildForRunning = "YES"
            buildForProfiling = "YES"
            buildForArchiving = "YES"
            buildForAnalyzing = "YES">
            <BuildableReference
               BuildableIdentifier = "primary"
               BlueprintIdentifier = "C538ACB2975E6B55AFA02B19"
               BuildableName = "Domain.framework"
               BlueprintName = "Domain"
               ReferencedContainer = "container:Projects/Domain/Domain.xcodeproj">
            </BuildableReference>
         </BuildActionEntry>
         <BuildActionEntry
            buildForTesting = "YES"
            buildForRunning = "YES"
            buildForProfiling = "YES"
            buildForArchiving = "YES"
            buildForAnalyzing = "YES">
            <BuildableReference
               BuildableIdentifier = "primary"
               BlueprintIdentifier = "F2E9CFC771C17BB4AAF66987"
               BuildableName = "HMH_iOS.app"
               BlueprintName = "HMH-iOS"
               ReferencedContainer = "container:Projects/App/HMH-iOS.xcodeproj">
            </BuildableReference>
         </BuildActionEntry>
         <BuildActionEntry
            buildForTesting = "YES"
            buildForRunning = "YES"
            buildForProfiling = "YES"
            buildForArchiving = "YES"
            buildForAnalyzing = "YES">
            <BuildableReference
               BuildableIdentifier = "primary"
               BlueprintIdentifier = "3C2D1599F679756EECC46D17"
               BuildableName = "HMHDeviceActivityReport.framework"
               BlueprintName = "HMHDeviceActivityReport"
               ReferencedContainer = "container:Projects/HMHModules/HMHDeviceActivityReport/HMHDeviceActivityReport.xcodeproj">
            </BuildableReference>
         </BuildActionEntry>
         <BuildActionEntry
            buildForTesting = "YES"
            buildForRunning = "YES"
            buildForProfiling = "YES"
            buildForArchiving = "YES"
            buildForAnalyzing = "YES">
            <BuildableReference
               BuildableIdentifier = "primary"
               BlueprintIdentifier = "DA63F18E567CF83B0B9CA9F6"
               BuildableName = "HomeFeature.framework"
               BlueprintName = "HomeFeature"
               ReferencedContainer = "container:Projects/Features/HomeFeature/HomeFeature.xcodeproj">
            </BuildableReference>
         </BuildActionEntry>
         <BuildActionEntry
            buildForTesting = "YES"
            buildForRunning = "YES"
            buildForProfiling = "YES"
            buildForArchiving = "YES"
            buildForAnalyzing = "YES">
            <BuildableReference
               BuildableIdentifier = "primary"
               BlueprintIdentifier = "549A602B2BC1A28903EEFC0D"
               BuildableName = "HomeFeatureDemo.app"
               BlueprintName = "HomeFeatureDemo"
               ReferencedContainer = "container:Projects/Features/HomeFeature/HomeFeature.xcodeproj">
            </BuildableReference>
         </BuildActionEntry>
         <BuildActionEntry
            buildForTesting = "YES"
            buildForRunning = "YES"
            buildForProfiling = "YES"
            buildForArchiving = "YES"
            buildForAnalyzing = "YES">
            <BuildableReference
               BuildableIdentifier = "primary"
               BlueprintIdentifier = "854D3E4EFF471C42EE44119B"
               BuildableName = "HomeFeatureInterface.framework"
               BlueprintName = "HomeFeatureInterface"
               ReferencedContainer = "container:Projects/Features/HomeFeature/HomeFeature.xcodeproj">
            </BuildableReference>
         </BuildActionEntry>
         <BuildActionEntry
            buildForTesting = "YES"
            buildForRunning = "YES"
            buildForProfiling = "YES"
            buildForArchiving = "YES"
            buildForAnalyzing = "YES">
            <BuildableReference
               BuildableIdentifier = "primary"
               BlueprintIdentifier = "141A87512EEB9E82909D15D1"
               BuildableName = "KakaoOpenSDK_KakaoSDKCommon.bundle"
               BlueprintName = "KakaoOpenSDK_KakaoSDKCommon"
               ReferencedContainer = "container:Tuist/Dependencies/SwiftPackageManager/.build/checkouts/kakao-ios-sdk/KakaoOpenSDK.xcodeproj">
            </BuildableReference>
         </BuildActionEntry>
         <BuildActionEntry
            buildForTesting = "YES"
            buildForRunning = "YES"
            buildForProfiling = "YES"
            buildForArchiving = "YES"
            buildForAnalyzing = "YES">
            <BuildableReference
               BuildableIdentifier = "primary"
               BlueprintIdentifier = "7C14AC27021FF442200B3853"
               BuildableName = "KakaoSDKAuth.framework"
               BlueprintName = "KakaoSDKAuth"
               ReferencedContainer = "container:Tuist/Dependencies/SwiftPackageManager/.build/checkouts/kakao-ios-sdk/KakaoOpenSDK.xcodeproj">
            </BuildableReference>
         </BuildActionEntry>
         <BuildActionEntry
            buildForTesting = "YES"
            buildForRunning = "YES"
            buildForProfiling = "YES"
            buildForArchiving = "YES"
            buildForAnalyzing = "YES">
            <BuildableReference
               BuildableIdentifier = "primary"
               BlueprintIdentifier = "7A4B81795AB7B3A41AFC92E4"
               BuildableName = "KakaoSDKCert.framework"
               BlueprintName = "KakaoSDKCert"
               ReferencedContainer = "container:Tuist/Dependencies/SwiftPackageManager/.build/checkouts/kakao-ios-sdk/KakaoOpenSDK.xcodeproj">
            </BuildableReference>
         </BuildActionEntry>
         <BuildActionEntry
            buildForTesting = "YES"
            buildForRunning = "YES"
            buildForProfiling = "YES"
            buildForArchiving = "YES"
            buildForAnalyzing = "YES">
            <BuildableReference
               BuildableIdentifier = "primary"
               BlueprintIdentifier = "98459E8BC6B6914855F2F2D5"
               BuildableName = "KakaoSDKCommon.framework"
               BlueprintName = "KakaoSDKCommon"
               ReferencedContainer = "container:Tuist/Dependencies/SwiftPackageManager/.build/checkouts/kakao-ios-sdk/KakaoOpenSDK.xcodeproj">
            </BuildableReference>
         </BuildActionEntry>
         <BuildActionEntry
            buildForTesting = "YES"
            buildForRunning = "YES"
            buildForProfiling = "YES"
            buildForArchiving = "YES"
            buildForAnalyzing = "YES">
            <BuildableReference
               BuildableIdentifier = "primary"
               BlueprintIdentifier = "58065A78153B638972A1D612"
               BuildableName = "KakaoSDKFriend.framework"
               BlueprintName = "KakaoSDKFriend"
               ReferencedContainer = "container:Tuist/Dependencies/SwiftPackageManager/.build/checkouts/kakao-ios-sdk/KakaoOpenSDK.xcodeproj">
            </BuildableReference>
         </BuildActionEntry>
         <BuildActionEntry
            buildForTesting = "YES"
            buildForRunning = "YES"
            buildForProfiling = "YES"
            buildForArchiving = "YES"
            buildForAnalyzing = "YES">
            <BuildableReference
               BuildableIdentifier = "primary"
               BlueprintIdentifier = "33262881DAEF794C076C75C1"
               BuildableName = "KakaoSDKNavi.framework"
               BlueprintName = "KakaoSDKNavi"
               ReferencedContainer = "container:Tuist/Dependencies/SwiftPackageManager/.build/checkouts/kakao-ios-sdk/KakaoOpenSDK.xcodeproj">
            </BuildableReference>
         </BuildActionEntry>
         <BuildActionEntry
            buildForTesting = "YES"
            buildForRunning = "YES"
            buildForProfiling = "YES"
            buildForArchiving = "YES"
            buildForAnalyzing = "YES">
            <BuildableReference
               BuildableIdentifier = "primary"
               BlueprintIdentifier = "D776DD6F4486A2D71BA8A04E"
               BuildableName = "KakaoSDKShare.framework"
               BlueprintName = "KakaoSDKShare"
               ReferencedContainer = "container:Tuist/Dependencies/SwiftPackageManager/.build/checkouts/kakao-ios-sdk/KakaoOpenSDK.xcodeproj">
            </BuildableReference>
         </BuildActionEntry>
         <BuildActionEntry
            buildForTesting = "YES"
            buildForRunning = "YES"
            buildForProfiling = "YES"
            buildForArchiving = "YES"
            buildForAnalyzing = "YES">
            <BuildableReference
               BuildableIdentifier = "primary"
               BlueprintIdentifier = "F0E80157B63AC92DEC668E6E"
               BuildableName = "KakaoSDKTalk.framework"
               BlueprintName = "KakaoSDKTalk"
               ReferencedContainer = "container:Tuist/Dependencies/SwiftPackageManager/.build/checkouts/kakao-ios-sdk/KakaoOpenSDK.xcodeproj">
            </BuildableReference>
         </BuildActionEntry>
         <BuildActionEntry
            buildForTesting = "YES"
            buildForRunning = "YES"
            buildForProfiling = "YES"
            buildForArchiving = "YES"
            buildForAnalyzing = "YES">
            <BuildableReference
               BuildableIdentifier = "primary"
               BlueprintIdentifier = "9992115F8933D8BC3172BA5A"
               BuildableName = "KakaoSDKTemplate.framework"
               BlueprintName = "KakaoSDKTemplate"
               ReferencedContainer = "container:Tuist/Dependencies/SwiftPackageManager/.build/checkouts/kakao-ios-sdk/KakaoOpenSDK.xcodeproj">
            </BuildableReference>
         </BuildActionEntry>
         <BuildActionEntry
            buildForTesting = "YES"
            buildForRunning = "YES"
            buildForProfiling = "YES"
            buildForArchiving = "YES"
            buildForAnalyzing = "YES">
            <BuildableReference
               BuildableIdentifier = "primary"
               BlueprintIdentifier = "29DF1CDF286567DB176A09D0"
               BuildableName = "KakaoSDKUser.framework"
               BlueprintName = "KakaoSDKUser"
               ReferencedContainer = "container:Tuist/Dependencies/SwiftPackageManager/.build/checkouts/kakao-ios-sdk/KakaoOpenSDK.xcodeproj">
            </BuildableReference>
         </BuildActionEntry>
         <BuildActionEntry
            buildForTesting = "YES"
            buildForRunning = "YES"
            buildForProfiling = "YES"
            buildForArchiving = "YES"
            buildForAnalyzing = "YES">
            <BuildableReference
               BuildableIdentifier = "primary"
               BlueprintIdentifier = "FC8983B65BEFA93EC9015ECE"
               BuildableName = "KeychainAccess.framework"
               BlueprintName = "KeychainAccess"
               ReferencedContainer = "container:Tuist/Dependencies/SwiftPackageManager/.build/checkouts/KeychainAccess/KeychainAccess.xcodeproj">
            </BuildableReference>
         </BuildActionEntry>
         <BuildActionEntry
            buildForTesting = "YES"
            buildForRunning = "YES"
            buildForProfiling = "YES"
            buildForArchiving = "YES"
            buildForAnalyzing = "YES">
            <BuildableReference
               BuildableIdentifier = "primary"
               BlueprintIdentifier = "FC8CD0498E33A1CCB96961BB"
               BuildableName = "LoginFeature.framework"
               BlueprintName = "LoginFeature"
               ReferencedContainer = "container:Projects/Features/LoginFeature/LoginFeature.xcodeproj">
            </BuildableReference>
         </BuildActionEntry>
         <BuildActionEntry
            buildForTesting = "YES"
            buildForRunning = "YES"
            buildForProfiling = "YES"
            buildForArchiving = "YES"
            buildForAnalyzing = "YES">
            <BuildableReference
               BuildableIdentifier = "primary"
               BlueprintIdentifier = "241158558795FCAC994D0A89"
               BuildableName = "LoginFeatureDemo.app"
               BlueprintName = "LoginFeatureDemo"
               ReferencedContainer = "container:Projects/Features/LoginFeature/LoginFeature.xcodeproj">
            </BuildableReference>
         </BuildActionEntry>
         <BuildActionEntry
            buildForTesting = "YES"
            buildForRunning = "YES"
            buildForProfiling = "YES"
            buildForArchiving = "YES"
            buildForAnalyzing = "YES">
            <BuildableReference
               BuildableIdentifier = "primary"
               BlueprintIdentifier = "CF6F649789711DC92E8F827C"
               BuildableName = "LoginFeatureInterface.framework"
               BlueprintName = "LoginFeatureInterface"
               ReferencedContainer = "container:Projects/Features/LoginFeature/LoginFeature.xcodeproj">
            </BuildableReference>
         </BuildActionEntry>
         <BuildActionEntry
            buildForTesting = "YES"
            buildForRunning = "YES"
            buildForProfiling = "YES"
            buildForArchiving = "YES"
            buildForAnalyzing = "YES">
            <BuildableReference
               BuildableIdentifier = "primary"
               BlueprintIdentifier = "11789D24A0490E463CDA3C81"
               BuildableName = "Lottie.framework"
               BlueprintName = "Lottie"
               ReferencedContainer = "container:Tuist/Dependencies/SwiftPackageManager/.build/checkouts/lottie-ios/Lottie.xcodeproj">
            </BuildableReference>
         </BuildActionEntry>
         <BuildActionEntry
            buildForTesting = "YES"
            buildForRunning = "YES"
            buildForProfiling = "YES"
            buildForArchiving = "YES"
            buildForAnalyzing = "YES">
            <BuildableReference
               BuildableIdentifier = "primary"
               BlueprintIdentifier = "2BF4F5BDA824781BEE220881"
               BuildableName = "Lottie_Lottie.bundle"
               BlueprintName = "Lottie_Lottie"
               ReferencedContainer = "container:Tuist/Dependencies/SwiftPackageManager/.build/checkouts/lottie-ios/Lottie.xcodeproj">
            </BuildableReference>
         </BuildActionEntry>
         <BuildActionEntry
            buildForTesting = "YES"
            buildForRunning = "YES"
            buildForProfiling = "YES"
            buildForArchiving = "YES"
            buildForAnalyzing = "YES">
            <BuildableReference
               BuildableIdentifier = "primary"
               BlueprintIdentifier = "165FF0485069FAD6E30D1EF1"
               BuildableName = "MyPageFeature.framework"
               BlueprintName = "MyPageFeature"
               ReferencedContainer = "container:Projects/Features/MyPageFeature/MyPageFeature.xcodeproj">
            </BuildableReference>
         </BuildActionEntry>
         <BuildActionEntry
            buildForTesting = "YES"
            buildForRunning = "YES"
            buildForProfiling = "YES"
            buildForArchiving = "YES"
            buildForAnalyzing = "YES">
            <BuildableReference
               BuildableIdentifier = "primary"
               BlueprintIdentifier = "577114003139438A4804C761"
               BuildableName = "MyPageFeatureDemo.app"
               BlueprintName = "MyPageFeatureDemo"
               ReferencedContainer = "container:Projects/Features/MyPageFeature/MyPageFeature.xcodeproj">
            </BuildableReference>
         </BuildActionEntry>
         <BuildActionEntry
            buildForTesting = "YES"
            buildForRunning = "YES"
            buildForProfiling = "YES"
            buildForArchiving = "YES"
            buildForAnalyzing = "YES">
            <BuildableReference
               BuildableIdentifier = "primary"
               BlueprintIdentifier = "309D06068DD1002D94B61781"
               BuildableName = "MyPageFeatureInterface.framework"
               BlueprintName = "MyPageFeatureInterface"
               ReferencedContainer = "container:Projects/Features/MyPageFeature/MyPageFeature.xcodeproj">
            </BuildableReference>
         </BuildActionEntry>
         <BuildActionEntry
            buildForTesting = "YES"
            buildForRunning = "YES"
            buildForProfiling = "YES"
            buildForArchiving = "YES"
            buildForAnalyzing = "YES">
            <BuildableReference
               BuildableIdentifier = "primary"
               BlueprintIdentifier = "2EE557D34B930B760FD4A735"
               BuildableName = "Networks.framework"
               BlueprintName = "Networks"
               ReferencedContainer = "container:Projects/Modules/Networks/Networks.xcodeproj">
            </BuildableReference>
         </BuildActionEntry>
         <BuildActionEntry
            buildForTesting = "YES"
            buildForRunning = "YES"
            buildForProfiling = "YES"
            buildForArchiving = "YES"
            buildForAnalyzing = "YES">
            <BuildableReference
               BuildableIdentifier = "primary"
               BlueprintIdentifier = "155E57EFC440A9B0889AB3AC"
               BuildableName = "OnboardingFeature.framework"
               BlueprintName = "OnboardingFeature"
               ReferencedContainer = "container:Projects/Features/OnboardingFeature/OnboardingFeature.xcodeproj">
            </BuildableReference>
         </BuildActionEntry>
         <BuildActionEntry
            buildForTesting = "YES"
            buildForRunning = "YES"
            buildForProfiling = "YES"
            buildForArchiving = "YES"
            buildForAnalyzing = "YES">
            <BuildableReference
               BuildableIdentifier = "primary"
               BlueprintIdentifier = "EBE393D9E165918A935BC155"
               BuildableName = "OnboardingFeatureDemo.app"
               BlueprintName = "OnboardingFeatureDemo"
               ReferencedContainer = "container:Projects/Features/OnboardingFeature/OnboardingFeature.xcodeproj">
            </BuildableReference>
         </BuildActionEntry>
         <BuildActionEntry
            buildForTesting = "YES"
            buildForRunning = "YES"
            buildForProfiling = "YES"
            buildForArchiving = "YES"
            buildForAnalyzing = "YES">
            <BuildableReference
               BuildableIdentifier = "primary"
               BlueprintIdentifier = "192C7ACBD5A03867D013EBF3"
               BuildableName = "OnboardingFeatureInterface.framework"
               BlueprintName = "OnboardingFeatureInterface"
               ReferencedContainer = "container:Projects/Features/OnboardingFeature/OnboardingFeature.xcodeproj">
            </BuildableReference>
         </BuildActionEntry>
         <BuildActionEntry
            buildForTesting = "YES"
            buildForRunning = "YES"
            buildForProfiling = "YES"
            buildForArchiving = "YES"
            buildForAnalyzing = "YES">
            <BuildableReference
               BuildableIdentifier = "primary"
               BlueprintIdentifier = "0EBDBDC43A21880F12EBCE9E"
               BuildableName = "RootFeature.framework"
               BlueprintName = "RootFeature"
               ReferencedContainer = "container:Projects/Features/RootFeature/RootFeature.xcodeproj">
            </BuildableReference>
         </BuildActionEntry>
         <BuildActionEntry
            buildForTesting = "YES"
            buildForRunning = "YES"
            buildForProfiling = "YES"
            buildForArchiving = "YES"
            buildForAnalyzing = "YES">
            <BuildableReference
               BuildableIdentifier = "primary"
               BlueprintIdentifier = "680F99411494B253DC89A3AB"
               BuildableName = "RootFeatureDemo.app"
               BlueprintName = "RootFeatureDemo"
               ReferencedContainer = "container:Projects/Features/RootFeature/RootFeature.xcodeproj">
            </BuildableReference>
         </BuildActionEntry>
         <BuildActionEntry
            buildForTesting = "YES"
            buildForRunning = "YES"
            buildForProfiling = "YES"
            buildForArchiving = "YES"
            buildForAnalyzing = "YES">
            <BuildableReference
               BuildableIdentifier = "primary"
               BlueprintIdentifier = "4AEFF19481B46F77FC2C0513"
               BuildableName = "ShieldActionExtension.framework"
               BlueprintName = "ShieldActionExtension"
               ReferencedContainer = "container:Projects/HMHModules/ShieldActionExtension/ShieldActionExtension.xcodeproj">
            </BuildableReference>
         </BuildActionEntry>
         <BuildActionEntry
            buildForTesting = "YES"
            buildForRunning = "YES"
            buildForProfiling = "YES"
            buildForArchiving = "YES"
            buildForAnalyzing = "YES">
            <BuildableReference
               BuildableIdentifier = "primary"
               BlueprintIdentifier = "90C5AB247E30C5C20321F3C9"
               BuildableName = "ShieldConfigureExtension.framework"
               BlueprintName = "ShieldConfigureExtension"
               ReferencedContainer = "container:Projects/HMHModules/ShieldConfigureExtension/ShieldConfigureExtension.xcodeproj">
            </BuildableReference>
         </BuildActionEntry>
         <BuildActionEntry
            buildForTesting = "YES"
            buildForRunning = "YES"
            buildForProfiling = "YES"
            buildForArchiving = "YES"
            buildForAnalyzing = "YES">
            <BuildableReference
               BuildableIdentifier = "primary"
               BlueprintIdentifier = "6B2D0C5E263CA86B1CD4D3ED"
               BuildableName = "ThirdPartyLibs.framework"
               BlueprintName = "ThirdPartyLibs"
               ReferencedContainer = "container:Projects/Modules/ThirdPartyLibs/ThirdPartyLibs.xcodeproj">
            </BuildableReference>
         </BuildActionEntry>
      </BuildActionEntries>
   </BuildAction>
   <TestAction
      buildConfiguration = "Development"
      selectedDebuggerIdentifier = "Xcode.DebuggerFoundation.Debugger.LLDB"
      selectedLauncherIdentifier = "Xcode.DebuggerFoundation.Launcher.LLDB"
      shouldUseLaunchSchemeArgsEnv = "YES">
      <Testables>
      </Testables>
   </TestAction>
   <LaunchAction
      buildConfiguration = "Development"
      selectedDebuggerIdentifier = "Xcode.DebuggerFoundation.Debugger.LLDB"
      selectedLauncherIdentifier = "Xcode.DebuggerFoundation.Launcher.LLDB"
      launchStyle = "0"
      useCustomWorkingDirectory = "NO"
      ignoresPersistentStateOnLaunch = "NO"
      debugDocumentVersioning = "YES"
      debugServiceExtension = "internal"
      allowLocationSimulation = "YES">
      <MacroExpansion>
         <BuildableReference
            BuildableIdentifier = "primary"
            BlueprintIdentifier = "2A717419231F3C0B8A3E0F06"
            BuildableName = "Alamofire.framework"
            BlueprintName = "Alamofire"
            ReferencedContainer = "container:Tuist/Dependencies/SwiftPackageManager/.build/checkouts/Alamofire/Alamofire.xcodeproj">
         </BuildableReference>
      </MacroExpansion>
   </LaunchAction>
   <ProfileAction
      buildConfiguration = "PROD"
      shouldUseLaunchSchemeArgsEnv = "YES"
      savedToolIdentifier = ""
      useCustomWorkingDirectory = "NO"
      debugDocumentVersioning = "YES">
      <MacroExpansion>
         <BuildableReference
            BuildableIdentifier = "primary"
            BlueprintIdentifier = "2A717419231F3C0B8A3E0F06"
            BuildableName = "Alamofire.framework"
            BlueprintName = "Alamofire"
            ReferencedContainer = "container:Tuist/Dependencies/SwiftPackageManager/.build/checkouts/Alamofire/Alamofire.xcodeproj">
         </BuildableReference>
      </MacroExpansion>
   </ProfileAction>
   <AnalyzeAction
      buildConfiguration = "Development">
   </AnalyzeAction>
   <ArchiveAction
      buildConfiguration = "PROD"
      revealArchiveInOrganizer = "YES">
   </ArchiveAction>
</Scheme>
